// !$*UTF8*$!
{
	archiveVersion = 1;
	classes = {
	};
	objectVersion = 46;
	objects = {

/* Begin PBXBuildFile section */
		00E356F31AD99517003FC87E /* ignite_green_fieldTests.m in Sources */ = {isa = PBXBuildFile; fileRef = 00E356F21AD99517003FC87E /* ignite_green_fieldTests.m */; };
		13B07FBC1A68108700A75B9A /* AppDelegate.m in Sources */ = {isa = PBXBuildFile; fileRef = 13B07FB01A68108700A75B9A /* AppDelegate.m */; };
		13B07FBD1A68108700A75B9A /* LaunchScreen.xib in Resources */ = {isa = PBXBuildFile; fileRef = 13B07FB11A68108700A75B9A /* LaunchScreen.xib */; };
		13B07FBF1A68108700A75B9A /* Images.xcassets in Resources */ = {isa = PBXBuildFile; fileRef = 13B07FB51A68108700A75B9A /* Images.xcassets */; };
		13B07FC11A68108700A75B9A /* main.m in Sources */ = {isa = PBXBuildFile; fileRef = 13B07FB71A68108700A75B9A /* main.m */; };
		27AFBC5E5A974E0994990FED /* Montserrat-ExtraLight.ttf in Resources */ = {isa = PBXBuildFile; fileRef = C7F60F3FC4D744739DB77946 /* Montserrat-ExtraLight.ttf */; };
		31A381E68C1F40DCBB0E7BAB /* Montserrat-ExtraBold.ttf in Resources */ = {isa = PBXBuildFile; fileRef = 8B392C1C77514BC386A92BCF /* Montserrat-ExtraBold.ttf */; };
		37957F5593924025A9E35B8A /* Montserrat-ExtraBoldItalic.ttf in Resources */ = {isa = PBXBuildFile; fileRef = E4B5E49833284B8980967F00 /* Montserrat-ExtraBoldItalic.ttf */; };
		3CD1ADC54B20471DA9C693AA /* Montserrat-ExtraLightItalic.ttf in Resources */ = {isa = PBXBuildFile; fileRef = 1B8D4DC9EAF0445DACAEDE97 /* Montserrat-ExtraLightItalic.ttf */; };
		3CEB09D07A6E47849E496A68 /* Montserrat-Black.ttf in Resources */ = {isa = PBXBuildFile; fileRef = A15C0BA315204C4B85C2E02F /* Montserrat-Black.ttf */; };
		4778586290ADECAE0B9C0FB9 /* libPods-ignite_green_fieldTests.a in Frameworks */ = {isa = PBXBuildFile; fileRef = 585072D55BECE08A05400415 /* libPods-ignite_green_fieldTests.a */; };
		482C856A8BE0490AB36E7F60 /* Montserrat-BoldItalic.ttf in Resources */ = {isa = PBXBuildFile; fileRef = 17C9B4EF23C44668883A0ED6 /* Montserrat-BoldItalic.ttf */; };
		54EEEA997ECD441C962F939D /* Montserrat-BlackItalic.ttf in Resources */ = {isa = PBXBuildFile; fileRef = 07A1658437AE4FB2A04C239B /* Montserrat-BlackItalic.ttf */; };
		68129B172D964D148792277F /* Montserrat-Light.ttf in Resources */ = {isa = PBXBuildFile; fileRef = CC55A42E3FDF41AE880A3E97 /* Montserrat-Light.ttf */; };
		6827C39B3F3745A0A5F7C188 /* Montserrat-Bold.ttf in Resources */ = {isa = PBXBuildFile; fileRef = FFFE0D7CBFE84B9994C3B12F /* Montserrat-Bold.ttf */; };
		7030B4BBEEE844199CBCBF3A /* Montserrat-LightItalic.ttf in Resources */ = {isa = PBXBuildFile; fileRef = CA6930EC6CA342299CD4FC85 /* Montserrat-LightItalic.ttf */; };
		72C6ACDD247FAE210025C2C9 /* GoogleService-Info.plist in Resources */ = {isa = PBXBuildFile; fileRef = 72C994A02475ACA900FB4AEA /* GoogleService-Info.plist */; };
		72C994A12475ACA900FB4AEA /* GoogleService-Info.plist in Resources */ = {isa = PBXBuildFile; fileRef = 72C994A02475ACA900FB4AEA /* GoogleService-Info.plist */; };
		734E567790B44660AF59CA1A /* Montserrat-Medium.ttf in Resources */ = {isa = PBXBuildFile; fileRef = 1F08447B172840FB814CF5D7 /* Montserrat-Medium.ttf */; };
		7A7FA4A3AF224940A6DF97CA /* Montserrat-MediumItalic.ttf in Resources */ = {isa = PBXBuildFile; fileRef = 9907987CE2E84D1C9DD0FA54 /* Montserrat-MediumItalic.ttf */; };
		801F6307C83C48C5A0E1EDCA /* Montserrat-Regular.ttf in Resources */ = {isa = PBXBuildFile; fileRef = 9E8CFD4EC2F64A0DBAE9567C /* Montserrat-Regular.ttf */; };
		9A15AFCFED3748E88FDB9748 /* Montserrat-ThinItalic.ttf in Resources */ = {isa = PBXBuildFile; fileRef = 5143294444724117A3356B5D /* Montserrat-ThinItalic.ttf */; };
		AADB8A410FA74F0CA4F2DE5A /* Montserrat-SemiBold.ttf in Resources */ = {isa = PBXBuildFile; fileRef = 8CFC529B4E294C95BC34B527 /* Montserrat-SemiBold.ttf */; };
		B0E7C4B467835E6FC3BCEDDF /* libPods-ignite_green_field.a in Frameworks */ = {isa = PBXBuildFile; fileRef = D16C580D06FB1833FA77EAA5 /* libPods-ignite_green_field.a */; };
		B61427CA2CD742E8A407A1AA /* Montserrat-SemiBoldItalic.ttf in Resources */ = {isa = PBXBuildFile; fileRef = 355DD87C1FB54055B40CB298 /* Montserrat-SemiBoldItalic.ttf */; };
		E6676B9EC3CB484BBEFF8D32 /* Montserrat-Italic.ttf in Resources */ = {isa = PBXBuildFile; fileRef = 913D160CDA7B470BA65ADED0 /* Montserrat-Italic.ttf */; };
		E882E707B6BB45A6BC23D909 /* Montserrat-Thin.ttf in Resources */ = {isa = PBXBuildFile; fileRef = 77A51C397D354719BDCA980B /* Montserrat-Thin.ttf */; };
		1DBDE1952F784E378BD0D466 /* AntDesign.ttf in Resources */ = {isa = PBXBuildFile; fileRef = 94B2653224874208A6043173 /* AntDesign.ttf */; };
		F4A7703967FA4B6484AD1F71 /* Entypo.ttf in Resources */ = {isa = PBXBuildFile; fileRef = 4DE57255430D451DA205434F /* Entypo.ttf */; };
		21EF6CE0EDBE4CC7BDCB39E6 /* EvilIcons.ttf in Resources */ = {isa = PBXBuildFile; fileRef = C06DAEC4BE84406992F2F35B /* EvilIcons.ttf */; };
		38F77D64F773465CAA628431 /* Feather.ttf in Resources */ = {isa = PBXBuildFile; fileRef = A797E1B649A24A858E67A9A1 /* Feather.ttf */; };
		E21C7567B2324F249BB105A6 /* FontAwesome.ttf in Resources */ = {isa = PBXBuildFile; fileRef = CF9B4D9BB3024EC99EAA74A4 /* FontAwesome.ttf */; };
		9DCF776FA97846399C63C465 /* FontAwesome5_Brands.ttf in Resources */ = {isa = PBXBuildFile; fileRef = 82B51AC4E2F5481094FCAF01 /* FontAwesome5_Brands.ttf */; };
		3AB8D3DC150A4D358C07DB61 /* FontAwesome5_Regular.ttf in Resources */ = {isa = PBXBuildFile; fileRef = CA31CDC64CED4003B9E44FCA /* FontAwesome5_Regular.ttf */; };
		856B6400E4DB4EB0B85E768A /* FontAwesome5_Solid.ttf in Resources */ = {isa = PBXBuildFile; fileRef = 3E8430FDA17246F49B92E938 /* FontAwesome5_Solid.ttf */; };
		346D2ACE5BAB4471A420E565 /* Fontisto.ttf in Resources */ = {isa = PBXBuildFile; fileRef = D5B1DD3AD419402585AAFFAA /* Fontisto.ttf */; };
		A329078386444D608D99E164 /* Foundation.ttf in Resources */ = {isa = PBXBuildFile; fileRef = B9865628D6B84D7EB9333872 /* Foundation.ttf */; };
		C4B0A582EC794B6287F2E8DB /* Ionicons.ttf in Resources */ = {isa = PBXBuildFile; fileRef = 2787E2F59BAD4CF493CB9BE8 /* Ionicons.ttf */; };
		36CEDBBBE6BD4CD9960A92CF /* MaterialCommunityIcons.ttf in Resources */ = {isa = PBXBuildFile; fileRef = 5772756870BF4E429F957B4E /* MaterialCommunityIcons.ttf */; };
		41FB792F4DE947069AC9F4D8 /* MaterialIcons.ttf in Resources */ = {isa = PBXBuildFile; fileRef = B656BB5E4D504F51ACD68B28 /* MaterialIcons.ttf */; };
		EFD47085798B43F38F499539 /* Octicons.ttf in Resources */ = {isa = PBXBuildFile; fileRef = 7159A6FA3BD14BA299D367CA /* Octicons.ttf */; };
		C7B3EDF9E5A24D0991F834C1 /* SimpleLineIcons.ttf in Resources */ = {isa = PBXBuildFile; fileRef = 62D340ED8ED348AAAAFB3D13 /* SimpleLineIcons.ttf */; };
		F177781CE0F84B6F8CF94B6B /* Zocial.ttf in Resources */ = {isa = PBXBuildFile; fileRef = 81458CBAF035413F9272C18E /* Zocial.ttf */; };
		388605BBF5EC4A5AAD735818 /* asdf.ttf in Resources */ = {isa = PBXBuildFile; fileRef = B4D5A23876E44D318A611DFE /* asdf.ttf */; };
		FA79BC1F36D241F3817DB153 /* Montserrat-Black2.ttf in Resources */ = {isa = PBXBuildFile; fileRef = F427A51C6AFE480992419E3F /* Montserrat-Black2.ttf */; };
		B68D8AADC8CB479F838E60BC /* SPOPT2B.ttf in Resources */ = {isa = PBXBuildFile; fileRef = 190C145C962E4990957EE2A8 /* SPOPT2B.ttf */; };
		ECCD80852B694434ADD88442 /* SPOPT2BI.TTF in Resources */ = {isa = PBXBuildFile; fileRef = 42ADAEF3122243E6B2FC79F9 /* SPOPT2BI.TTF */; };
		D631ADA82E83454BA7BCF41E /* SPOPT2I.TTF in Resources */ = {isa = PBXBuildFile; fileRef = 2F44D701C99C4C698C255DA0 /* SPOPT2I.TTF */; };
		8848014470704A3DA65FAF2E /* SPOPT2R.TTF in Resources */ = {isa = PBXBuildFile; fileRef = EF801FE8669743EBBDC49451 /* SPOPT2R.TTF */; };
		DC072CCF85A44D07AAC37281 /* SPOPT2SB.TTF in Resources */ = {isa = PBXBuildFile; fileRef = B3A45E1A5E654C749C35604A /* SPOPT2SB.TTF */; };
		A7F8A6D67E514F12A38C8B12 /* SPOPT2SI.TTF in Resources */ = {isa = PBXBuildFile; fileRef = D6155780A92D43A8819DA060 /* SPOPT2SI.TTF */; };
		2E2313F9AE1A451A9D2D030F /* SPSTMPEL.TTF in Resources */ = {isa = PBXBuildFile; fileRef = 56341FF4120441D6B8F855E3 /* SPSTMPEL.TTF */; };
		D4A049C0871E4F91B6435142 /* Jost-Black.ttf in Resources */ = {isa = PBXBuildFile; fileRef = 0560A0B2F7ED48FEB1D685A2 /* Jost-Black.ttf */; };
		83CD366753D54283B250AA48 /* Jost-BlackItalic.ttf in Resources */ = {isa = PBXBuildFile; fileRef = F1B53A63508A4168B1B670C2 /* Jost-BlackItalic.ttf */; };
		C152103FE2144DD69127823A /* Jost-Bold.ttf in Resources */ = {isa = PBXBuildFile; fileRef = FB70B08EB8674DC193BF2849 /* Jost-Bold.ttf */; };
		D559D1514E9F4AA99B5D4789 /* Jost-BoldItalic.ttf in Resources */ = {isa = PBXBuildFile; fileRef = 7974F20E07A34B2D8F78BEE8 /* Jost-BoldItalic.ttf */; };
		EA1E9DEBE7EF47A0B0B1C703 /* Jost-ExtraBold.ttf in Resources */ = {isa = PBXBuildFile; fileRef = 27CA334EB9A5475281939E1A /* Jost-ExtraBold.ttf */; };
		6669C3184402405681611EF1 /* Jost-ExtraBoldItalic.ttf in Resources */ = {isa = PBXBuildFile; fileRef = 5EE2FE7FAB46471BA2BF168C /* Jost-ExtraBoldItalic.ttf */; };
		4AD1866A84B240E793229ED1 /* Jost-ExtraLight.ttf in Resources */ = {isa = PBXBuildFile; fileRef = CCFEE5329785414EAFAA2BAF /* Jost-ExtraLight.ttf */; };
		F414825DCBAD4FB880FA121B /* Jost-ExtraLightItalic.ttf in Resources */ = {isa = PBXBuildFile; fileRef = 553583E3CDCB4257B684B453 /* Jost-ExtraLightItalic.ttf */; };
		209F48C756664548926B51E5 /* Jost-Italic-VariableFont_wght.ttf in Resources */ = {isa = PBXBuildFile; fileRef = 30C7DEC80E844FA7B014B7D9 /* Jost-Italic-VariableFont_wght.ttf */; };
		5CB03F3D32334E5B823636B1 /* Jost-Italic.ttf in Resources */ = {isa = PBXBuildFile; fileRef = 0AF53AE5C3734F9FBEDD8FAB /* Jost-Italic.ttf */; };
		16B39BC365DF4D309BF0A3BC /* Jost-Light.ttf in Resources */ = {isa = PBXBuildFile; fileRef = B6D160D3A5FA4BAA9B4F3470 /* Jost-Light.ttf */; };
		AA4F5592653D4F389F22A76E /* Jost-LightItalic.ttf in Resources */ = {isa = PBXBuildFile; fileRef = 0D71BD154F654ADCAB619A31 /* Jost-LightItalic.ttf */; };
		73FB0B27C8D64AFFBFC40C3E /* Jost-Medium.ttf in Resources */ = {isa = PBXBuildFile; fileRef = 1EE09B21B8254C3CB7BD028F /* Jost-Medium.ttf */; };
		80CD07375F8741EF84C8AEB3 /* Jost-MediumItalic.ttf in Resources */ = {isa = PBXBuildFile; fileRef = A64A8850F3464CCC8C44ECDA /* Jost-MediumItalic.ttf */; };
		97D2D00F778044A89065790C /* Jost-Regular.ttf in Resources */ = {isa = PBXBuildFile; fileRef = 0574A87CE4634160A7D92F20 /* Jost-Regular.ttf */; };
		BA3D09ED363D441B9243FB04 /* Jost-SemiBold.ttf in Resources */ = {isa = PBXBuildFile; fileRef = 5A1818DE6DC64E04AFADE405 /* Jost-SemiBold.ttf */; };
		57B1C7BCA10F45BE914BB864 /* Jost-SemiBoldItalic.ttf in Resources */ = {isa = PBXBuildFile; fileRef = DD38B32E04D64E589281E76C /* Jost-SemiBoldItalic.ttf */; };
		1D597AF9D61F4F67B8192206 /* Jost-Thin.ttf in Resources */ = {isa = PBXBuildFile; fileRef = 81AD957821C14863912BBF28 /* Jost-Thin.ttf */; };
		7B7E70CE59514ABCA9D9869C /* Jost-ThinItalic.ttf in Resources */ = {isa = PBXBuildFile; fileRef = A48189F5F4B347829873158B /* Jost-ThinItalic.ttf */; };
		DBF2FD44244E45AD9CB627A4 /* Jost-VariableFont_wght.ttf in Resources */ = {isa = PBXBuildFile; fileRef = 1E5EAB659EF04BF0B93862E7 /* Jost-VariableFont_wght.ttf */; };
/* End PBXBuildFile section */

/* Begin PBXContainerItemProxy section */
		00E356F41AD99517003FC87E /* PBXContainerItemProxy */ = {
			isa = PBXContainerItemProxy;
			containerPortal = 83CBB9F71A601CBA00E9B192 /* Project object */;
			proxyType = 1;
			remoteGlobalIDString = 13B07F861A680F5B00A75B9A;
			remoteInfo = ignite_green_field;
		};
/* End PBXContainerItemProxy section */

/* Begin PBXFileReference section */
		008F07F21AC5B25A0029DE68 /* main.jsbundle */ = {isa = PBXFileReference; fileEncoding = 4; lastKnownFileType = text; path = main.jsbundle; sourceTree = "<group>"; };
		00E356EE1AD99517003FC87E /* ignite_green_fieldTests.xctest */ = {isa = PBXFileReference; explicitFileType = wrapper.cfbundle; includeInIndex = 0; path = ignite_green_fieldTests.xctest; sourceTree = BUILT_PRODUCTS_DIR; };
		00E356F11AD99517003FC87E /* Info.plist */ = {isa = PBXFileReference; lastKnownFileType = text.plist.xml; path = Info.plist; sourceTree = "<group>"; };
		00E356F21AD99517003FC87E /* ignite_green_fieldTests.m */ = {isa = PBXFileReference; lastKnownFileType = sourcecode.c.objc; path = ignite_green_fieldTests.m; sourceTree = "<group>"; };
		07A1658437AE4FB2A04C239B /* Montserrat-BlackItalic.ttf */ = {isa = PBXFileReference; explicitFileType = undefined; fileEncoding = 9; includeInIndex = 0; lastKnownFileType = unknown; name = "Montserrat-BlackItalic.ttf"; path = "../app/theme/fonts/Montserrat-BlackItalic.ttf"; sourceTree = "<group>"; };
		13B07F961A680F5B00A75B9A /* ignite_green_field.app */ = {isa = PBXFileReference; explicitFileType = wrapper.application; includeInIndex = 0; path = ignite_green_field.app; sourceTree = BUILT_PRODUCTS_DIR; };
		13B07FAF1A68108700A75B9A /* AppDelegate.h */ = {isa = PBXFileReference; fileEncoding = 4; lastKnownFileType = sourcecode.c.h; name = AppDelegate.h; path = ignite_green_field/AppDelegate.h; sourceTree = "<group>"; };
		13B07FB01A68108700A75B9A /* AppDelegate.m */ = {isa = PBXFileReference; fileEncoding = 4; lastKnownFileType = sourcecode.c.objc; name = AppDelegate.m; path = ignite_green_field/AppDelegate.m; sourceTree = "<group>"; };
		13B07FB21A68108700A75B9A /* Base */ = {isa = PBXFileReference; lastKnownFileType = file.xib; name = Base; path = Base.lproj/LaunchScreen.xib; sourceTree = "<group>"; };
		13B07FB51A68108700A75B9A /* Images.xcassets */ = {isa = PBXFileReference; lastKnownFileType = folder.assetcatalog; name = Images.xcassets; path = ignite_green_field/Images.xcassets; sourceTree = "<group>"; };
		13B07FB61A68108700A75B9A /* Info.plist */ = {isa = PBXFileReference; fileEncoding = 4; lastKnownFileType = text.plist.xml; name = Info.plist; path = ignite_green_field/Info.plist; sourceTree = "<group>"; };
		13B07FB71A68108700A75B9A /* main.m */ = {isa = PBXFileReference; fileEncoding = 4; lastKnownFileType = sourcecode.c.objc; name = main.m; path = ignite_green_field/main.m; sourceTree = "<group>"; };
		17C9B4EF23C44668883A0ED6 /* Montserrat-BoldItalic.ttf */ = {isa = PBXFileReference; explicitFileType = undefined; fileEncoding = 9; includeInIndex = 0; lastKnownFileType = unknown; name = "Montserrat-BoldItalic.ttf"; path = "../app/theme/fonts/Montserrat-BoldItalic.ttf"; sourceTree = "<group>"; };
		1B8D4DC9EAF0445DACAEDE97 /* Montserrat-ExtraLightItalic.ttf */ = {isa = PBXFileReference; explicitFileType = undefined; fileEncoding = 9; includeInIndex = 0; lastKnownFileType = unknown; name = "Montserrat-ExtraLightItalic.ttf"; path = "../app/theme/fonts/Montserrat-ExtraLightItalic.ttf"; sourceTree = "<group>"; };
		1F08447B172840FB814CF5D7 /* Montserrat-Medium.ttf */ = {isa = PBXFileReference; explicitFileType = undefined; fileEncoding = 9; includeInIndex = 0; lastKnownFileType = unknown; name = "Montserrat-Medium.ttf"; path = "../app/theme/fonts/Montserrat-Medium.ttf"; sourceTree = "<group>"; };
		2898880B184835FB73E9FD9C /* Pods-ignite_green_field-tvOS.debug.xcconfig */ = {isa = PBXFileReference; includeInIndex = 1; lastKnownFileType = text.xcconfig; name = "Pods-ignite_green_field-tvOS.debug.xcconfig"; path = "Target Support Files/Pods-ignite_green_field-tvOS/Pods-ignite_green_field-tvOS.debug.xcconfig"; sourceTree = "<group>"; };
		355DD87C1FB54055B40CB298 /* Montserrat-SemiBoldItalic.ttf */ = {isa = PBXFileReference; explicitFileType = undefined; fileEncoding = 9; includeInIndex = 0; lastKnownFileType = unknown; name = "Montserrat-SemiBoldItalic.ttf"; path = "../app/theme/fonts/Montserrat-SemiBoldItalic.ttf"; sourceTree = "<group>"; };
		3ADD6D350DD74BD7421BEAEE /* Pods-ignite_green_field.release.xcconfig */ = {isa = PBXFileReference; includeInIndex = 1; lastKnownFileType = text.xcconfig; name = "Pods-ignite_green_field.release.xcconfig"; path = "Target Support Files/Pods-ignite_green_field/Pods-ignite_green_field.release.xcconfig"; sourceTree = "<group>"; };
		4272C57C4FE278A42D8B0B19 /* Pods-ignite_green_field-tvOSTests.release.xcconfig */ = {isa = PBXFileReference; includeInIndex = 1; lastKnownFileType = text.xcconfig; name = "Pods-ignite_green_field-tvOSTests.release.xcconfig"; path = "Target Support Files/Pods-ignite_green_field-tvOSTests/Pods-ignite_green_field-tvOSTests.release.xcconfig"; sourceTree = "<group>"; };
		4CA7186D6CD32D833D9435F1 /* Pods-ignite_green_field.debug.xcconfig */ = {isa = PBXFileReference; includeInIndex = 1; lastKnownFileType = text.xcconfig; name = "Pods-ignite_green_field.debug.xcconfig"; path = "Target Support Files/Pods-ignite_green_field/Pods-ignite_green_field.debug.xcconfig"; sourceTree = "<group>"; };
		5143294444724117A3356B5D /* Montserrat-ThinItalic.ttf */ = {isa = PBXFileReference; explicitFileType = undefined; fileEncoding = 9; includeInIndex = 0; lastKnownFileType = unknown; name = "Montserrat-ThinItalic.ttf"; path = "../app/theme/fonts/Montserrat-ThinItalic.ttf"; sourceTree = "<group>"; };
		585072D55BECE08A05400415 /* libPods-ignite_green_fieldTests.a */ = {isa = PBXFileReference; explicitFileType = archive.ar; includeInIndex = 0; path = "libPods-ignite_green_fieldTests.a"; sourceTree = BUILT_PRODUCTS_DIR; };
		62EA384B096A4475B71832D2 /* libPods-ignite_green_field-tvOSTests.a */ = {isa = PBXFileReference; explicitFileType = archive.ar; includeInIndex = 0; path = "libPods-ignite_green_field-tvOSTests.a"; sourceTree = BUILT_PRODUCTS_DIR; };
		72C994A02475ACA900FB4AEA /* GoogleService-Info.plist */ = {isa = PBXFileReference; fileEncoding = 4; lastKnownFileType = text.plist.xml; path = "GoogleService-Info.plist"; sourceTree = "<group>"; };
		77A51C397D354719BDCA980B /* Montserrat-Thin.ttf */ = {isa = PBXFileReference; explicitFileType = undefined; fileEncoding = 9; includeInIndex = 0; lastKnownFileType = unknown; name = "Montserrat-Thin.ttf"; path = "../app/theme/fonts/Montserrat-Thin.ttf"; sourceTree = "<group>"; };
		826222584A50D7912B42FFCF /* libPods-ignite_green_field-tvOS.a */ = {isa = PBXFileReference; explicitFileType = archive.ar; includeInIndex = 0; path = "libPods-ignite_green_field-tvOS.a"; sourceTree = BUILT_PRODUCTS_DIR; };
		89CF373C62D8F547C8DA2D58 /* Pods-ignite_green_field-tvOS.release.xcconfig */ = {isa = PBXFileReference; includeInIndex = 1; lastKnownFileType = text.xcconfig; name = "Pods-ignite_green_field-tvOS.release.xcconfig"; path = "Target Support Files/Pods-ignite_green_field-tvOS/Pods-ignite_green_field-tvOS.release.xcconfig"; sourceTree = "<group>"; };
		8B392C1C77514BC386A92BCF /* Montserrat-ExtraBold.ttf */ = {isa = PBXFileReference; explicitFileType = undefined; fileEncoding = 9; includeInIndex = 0; lastKnownFileType = unknown; name = "Montserrat-ExtraBold.ttf"; path = "../app/theme/fonts/Montserrat-ExtraBold.ttf"; sourceTree = "<group>"; };
		8CFC529B4E294C95BC34B527 /* Montserrat-SemiBold.ttf */ = {isa = PBXFileReference; explicitFileType = undefined; fileEncoding = 9; includeInIndex = 0; lastKnownFileType = unknown; name = "Montserrat-SemiBold.ttf"; path = "../app/theme/fonts/Montserrat-SemiBold.ttf"; sourceTree = "<group>"; };
		913D160CDA7B470BA65ADED0 /* Montserrat-Italic.ttf */ = {isa = PBXFileReference; explicitFileType = undefined; fileEncoding = 9; includeInIndex = 0; lastKnownFileType = unknown; name = "Montserrat-Italic.ttf"; path = "../app/theme/fonts/Montserrat-Italic.ttf"; sourceTree = "<group>"; };
		9907987CE2E84D1C9DD0FA54 /* Montserrat-MediumItalic.ttf */ = {isa = PBXFileReference; explicitFileType = undefined; fileEncoding = 9; includeInIndex = 0; lastKnownFileType = unknown; name = "Montserrat-MediumItalic.ttf"; path = "../app/theme/fonts/Montserrat-MediumItalic.ttf"; sourceTree = "<group>"; };
		9E8CFD4EC2F64A0DBAE9567C /* Montserrat-Regular.ttf */ = {isa = PBXFileReference; explicitFileType = undefined; fileEncoding = 9; includeInIndex = 0; lastKnownFileType = unknown; name = "Montserrat-Regular.ttf"; path = "../app/theme/fonts/Montserrat-Regular.ttf"; sourceTree = "<group>"; };
		A15C0BA315204C4B85C2E02F /* Montserrat-Black.ttf */ = {isa = PBXFileReference; explicitFileType = undefined; fileEncoding = 9; includeInIndex = 0; lastKnownFileType = unknown; name = "Montserrat-Black.ttf"; path = "../app/theme/fonts/Montserrat-Black.ttf"; sourceTree = "<group>"; };
		B6708CF05E1A0D2624375421 /* Pods-ignite_green_fieldTests.debug.xcconfig */ = {isa = PBXFileReference; includeInIndex = 1; lastKnownFileType = text.xcconfig; name = "Pods-ignite_green_fieldTests.debug.xcconfig"; path = "Target Support Files/Pods-ignite_green_fieldTests/Pods-ignite_green_fieldTests.debug.xcconfig"; sourceTree = "<group>"; };
		C7F60F3FC4D744739DB77946 /* Montserrat-ExtraLight.ttf */ = {isa = PBXFileReference; explicitFileType = undefined; fileEncoding = 9; includeInIndex = 0; lastKnownFileType = unknown; name = "Montserrat-ExtraLight.ttf"; path = "../app/theme/fonts/Montserrat-ExtraLight.ttf"; sourceTree = "<group>"; };
		CA6930EC6CA342299CD4FC85 /* Montserrat-LightItalic.ttf */ = {isa = PBXFileReference; explicitFileType = undefined; fileEncoding = 9; includeInIndex = 0; lastKnownFileType = unknown; name = "Montserrat-LightItalic.ttf"; path = "../app/theme/fonts/Montserrat-LightItalic.ttf"; sourceTree = "<group>"; };
		CC55A42E3FDF41AE880A3E97 /* Montserrat-Light.ttf */ = {isa = PBXFileReference; explicitFileType = undefined; fileEncoding = 9; includeInIndex = 0; lastKnownFileType = unknown; name = "Montserrat-Light.ttf"; path = "../app/theme/fonts/Montserrat-Light.ttf"; sourceTree = "<group>"; };
		D16C580D06FB1833FA77EAA5 /* libPods-ignite_green_field.a */ = {isa = PBXFileReference; explicitFileType = archive.ar; includeInIndex = 0; path = "libPods-ignite_green_field.a"; sourceTree = BUILT_PRODUCTS_DIR; };
		E4B5E49833284B8980967F00 /* Montserrat-ExtraBoldItalic.ttf */ = {isa = PBXFileReference; explicitFileType = undefined; fileEncoding = 9; includeInIndex = 0; lastKnownFileType = unknown; name = "Montserrat-ExtraBoldItalic.ttf"; path = "../app/theme/fonts/Montserrat-ExtraBoldItalic.ttf"; sourceTree = "<group>"; };
		E7227367DEC4E23E61303FD0 /* Pods-ignite_green_fieldTests.release.xcconfig */ = {isa = PBXFileReference; includeInIndex = 1; lastKnownFileType = text.xcconfig; name = "Pods-ignite_green_fieldTests.release.xcconfig"; path = "Target Support Files/Pods-ignite_green_fieldTests/Pods-ignite_green_fieldTests.release.xcconfig"; sourceTree = "<group>"; };
		ED297162215061F000B7C4FE /* JavaScriptCore.framework */ = {isa = PBXFileReference; lastKnownFileType = wrapper.framework; name = JavaScriptCore.framework; path = System/Library/Frameworks/JavaScriptCore.framework; sourceTree = SDKROOT; };
		ED2971642150620600B7C4FE /* JavaScriptCore.framework */ = {isa = PBXFileReference; lastKnownFileType = wrapper.framework; name = JavaScriptCore.framework; path = Platforms/AppleTVOS.platform/Developer/SDKs/AppleTVOS12.0.sdk/System/Library/Frameworks/JavaScriptCore.framework; sourceTree = DEVELOPER_DIR; };
		F1D100B3E3CE8EBBA8512695 /* Pods-ignite_green_field-tvOSTests.debug.xcconfig */ = {isa = PBXFileReference; includeInIndex = 1; lastKnownFileType = text.xcconfig; name = "Pods-ignite_green_field-tvOSTests.debug.xcconfig"; path = "Target Support Files/Pods-ignite_green_field-tvOSTests/Pods-ignite_green_field-tvOSTests.debug.xcconfig"; sourceTree = "<group>"; };
		FFFE0D7CBFE84B9994C3B12F /* Montserrat-Bold.ttf */ = {isa = PBXFileReference; explicitFileType = undefined; fileEncoding = 9; includeInIndex = 0; lastKnownFileType = unknown; name = "Montserrat-Bold.ttf"; path = "../app/theme/fonts/Montserrat-Bold.ttf"; sourceTree = "<group>"; };
		94B2653224874208A6043173 /* AntDesign.ttf */ = {isa = PBXFileReference; name = "AntDesign.ttf"; path = "../node_modules/react-native-vector-icons/Fonts/AntDesign.ttf"; sourceTree = "<group>"; fileEncoding = undefined; lastKnownFileType = unknown; explicitFileType = undefined; includeInIndex = 0; };
		4DE57255430D451DA205434F /* Entypo.ttf */ = {isa = PBXFileReference; name = "Entypo.ttf"; path = "../node_modules/react-native-vector-icons/Fonts/Entypo.ttf"; sourceTree = "<group>"; fileEncoding = undefined; lastKnownFileType = unknown; explicitFileType = undefined; includeInIndex = 0; };
		C06DAEC4BE84406992F2F35B /* EvilIcons.ttf */ = {isa = PBXFileReference; name = "EvilIcons.ttf"; path = "../node_modules/react-native-vector-icons/Fonts/EvilIcons.ttf"; sourceTree = "<group>"; fileEncoding = undefined; lastKnownFileType = unknown; explicitFileType = undefined; includeInIndex = 0; };
		A797E1B649A24A858E67A9A1 /* Feather.ttf */ = {isa = PBXFileReference; name = "Feather.ttf"; path = "../node_modules/react-native-vector-icons/Fonts/Feather.ttf"; sourceTree = "<group>"; fileEncoding = undefined; lastKnownFileType = unknown; explicitFileType = undefined; includeInIndex = 0; };
		CF9B4D9BB3024EC99EAA74A4 /* FontAwesome.ttf */ = {isa = PBXFileReference; name = "FontAwesome.ttf"; path = "../node_modules/react-native-vector-icons/Fonts/FontAwesome.ttf"; sourceTree = "<group>"; fileEncoding = undefined; lastKnownFileType = unknown; explicitFileType = undefined; includeInIndex = 0; };
		82B51AC4E2F5481094FCAF01 /* FontAwesome5_Brands.ttf */ = {isa = PBXFileReference; name = "FontAwesome5_Brands.ttf"; path = "../node_modules/react-native-vector-icons/Fonts/FontAwesome5_Brands.ttf"; sourceTree = "<group>"; fileEncoding = undefined; lastKnownFileType = unknown; explicitFileType = undefined; includeInIndex = 0; };
		CA31CDC64CED4003B9E44FCA /* FontAwesome5_Regular.ttf */ = {isa = PBXFileReference; name = "FontAwesome5_Regular.ttf"; path = "../node_modules/react-native-vector-icons/Fonts/FontAwesome5_Regular.ttf"; sourceTree = "<group>"; fileEncoding = undefined; lastKnownFileType = unknown; explicitFileType = undefined; includeInIndex = 0; };
		3E8430FDA17246F49B92E938 /* FontAwesome5_Solid.ttf */ = {isa = PBXFileReference; name = "FontAwesome5_Solid.ttf"; path = "../node_modules/react-native-vector-icons/Fonts/FontAwesome5_Solid.ttf"; sourceTree = "<group>"; fileEncoding = undefined; lastKnownFileType = unknown; explicitFileType = undefined; includeInIndex = 0; };
		D5B1DD3AD419402585AAFFAA /* Fontisto.ttf */ = {isa = PBXFileReference; name = "Fontisto.ttf"; path = "../node_modules/react-native-vector-icons/Fonts/Fontisto.ttf"; sourceTree = "<group>"; fileEncoding = undefined; lastKnownFileType = unknown; explicitFileType = undefined; includeInIndex = 0; };
		B9865628D6B84D7EB9333872 /* Foundation.ttf */ = {isa = PBXFileReference; name = "Foundation.ttf"; path = "../node_modules/react-native-vector-icons/Fonts/Foundation.ttf"; sourceTree = "<group>"; fileEncoding = undefined; lastKnownFileType = unknown; explicitFileType = undefined; includeInIndex = 0; };
		2787E2F59BAD4CF493CB9BE8 /* Ionicons.ttf */ = {isa = PBXFileReference; name = "Ionicons.ttf"; path = "../node_modules/react-native-vector-icons/Fonts/Ionicons.ttf"; sourceTree = "<group>"; fileEncoding = undefined; lastKnownFileType = unknown; explicitFileType = undefined; includeInIndex = 0; };
		5772756870BF4E429F957B4E /* MaterialCommunityIcons.ttf */ = {isa = PBXFileReference; name = "MaterialCommunityIcons.ttf"; path = "../node_modules/react-native-vector-icons/Fonts/MaterialCommunityIcons.ttf"; sourceTree = "<group>"; fileEncoding = undefined; lastKnownFileType = unknown; explicitFileType = undefined; includeInIndex = 0; };
		B656BB5E4D504F51ACD68B28 /* MaterialIcons.ttf */ = {isa = PBXFileReference; name = "MaterialIcons.ttf"; path = "../node_modules/react-native-vector-icons/Fonts/MaterialIcons.ttf"; sourceTree = "<group>"; fileEncoding = undefined; lastKnownFileType = unknown; explicitFileType = undefined; includeInIndex = 0; };
		7159A6FA3BD14BA299D367CA /* Octicons.ttf */ = {isa = PBXFileReference; name = "Octicons.ttf"; path = "../node_modules/react-native-vector-icons/Fonts/Octicons.ttf"; sourceTree = "<group>"; fileEncoding = undefined; lastKnownFileType = unknown; explicitFileType = undefined; includeInIndex = 0; };
		62D340ED8ED348AAAAFB3D13 /* SimpleLineIcons.ttf */ = {isa = PBXFileReference; name = "SimpleLineIcons.ttf"; path = "../node_modules/react-native-vector-icons/Fonts/SimpleLineIcons.ttf"; sourceTree = "<group>"; fileEncoding = undefined; lastKnownFileType = unknown; explicitFileType = undefined; includeInIndex = 0; };
		81458CBAF035413F9272C18E /* Zocial.ttf */ = {isa = PBXFileReference; name = "Zocial.ttf"; path = "../node_modules/react-native-vector-icons/Fonts/Zocial.ttf"; sourceTree = "<group>"; fileEncoding = undefined; lastKnownFileType = unknown; explicitFileType = undefined; includeInIndex = 0; };
		B4D5A23876E44D318A611DFE /* asdf.ttf */ = {isa = PBXFileReference; name = "asdf.ttf"; path = "../app/theme/fonts/asdf.ttf"; sourceTree = "<group>"; fileEncoding = undefined; lastKnownFileType = unknown; explicitFileType = undefined; includeInIndex = 0; };
		F427A51C6AFE480992419E3F /* Montserrat-Black2.ttf */ = {isa = PBXFileReference; name = "Montserrat-Black2.ttf"; path = "../app/theme/fonts/Montserrat-Black2.ttf"; sourceTree = "<group>"; fileEncoding = undefined; lastKnownFileType = unknown; explicitFileType = undefined; includeInIndex = 0; };
		190C145C962E4990957EE2A8 /* SPOPT2B.ttf */ = {isa = PBXFileReference; name = "SPOPT2B.ttf"; path = "../app/theme/fonts/SPOPT2B.ttf"; sourceTree = "<group>"; fileEncoding = undefined; lastKnownFileType = unknown; explicitFileType = undefined; includeInIndex = 0; };
		42ADAEF3122243E6B2FC79F9 /* SPOPT2BI.TTF */ = {isa = PBXFileReference; name = "SPOPT2BI.TTF"; path = "../app/theme/fonts/SPOPT2BI.TTF"; sourceTree = "<group>"; fileEncoding = undefined; lastKnownFileType = unknown; explicitFileType = undefined; includeInIndex = 0; };
		2F44D701C99C4C698C255DA0 /* SPOPT2I.TTF */ = {isa = PBXFileReference; name = "SPOPT2I.TTF"; path = "../app/theme/fonts/SPOPT2I.TTF"; sourceTree = "<group>"; fileEncoding = undefined; lastKnownFileType = unknown; explicitFileType = undefined; includeInIndex = 0; };
		EF801FE8669743EBBDC49451 /* SPOPT2R.TTF */ = {isa = PBXFileReference; name = "SPOPT2R.TTF"; path = "../app/theme/fonts/SPOPT2R.TTF"; sourceTree = "<group>"; fileEncoding = undefined; lastKnownFileType = unknown; explicitFileType = undefined; includeInIndex = 0; };
		B3A45E1A5E654C749C35604A /* SPOPT2SB.TTF */ = {isa = PBXFileReference; name = "SPOPT2SB.TTF"; path = "../app/theme/fonts/SPOPT2SB.TTF"; sourceTree = "<group>"; fileEncoding = undefined; lastKnownFileType = unknown; explicitFileType = undefined; includeInIndex = 0; };
		D6155780A92D43A8819DA060 /* SPOPT2SI.TTF */ = {isa = PBXFileReference; name = "SPOPT2SI.TTF"; path = "../app/theme/fonts/SPOPT2SI.TTF"; sourceTree = "<group>"; fileEncoding = undefined; lastKnownFileType = unknown; explicitFileType = undefined; includeInIndex = 0; };
		56341FF4120441D6B8F855E3 /* SPSTMPEL.TTF */ = {isa = PBXFileReference; name = "SPSTMPEL.TTF"; path = "../app/theme/fonts/SPSTMPEL.TTF"; sourceTree = "<group>"; fileEncoding = undefined; lastKnownFileType = unknown; explicitFileType = undefined; includeInIndex = 0; };
		0560A0B2F7ED48FEB1D685A2 /* Jost-Black.ttf */ = {isa = PBXFileReference; name = "Jost-Black.ttf"; path = "../app/theme/fonts/Jost-Black.ttf"; sourceTree = "<group>"; fileEncoding = undefined; lastKnownFileType = unknown; explicitFileType = undefined; includeInIndex = 0; };
		F1B53A63508A4168B1B670C2 /* Jost-BlackItalic.ttf */ = {isa = PBXFileReference; name = "Jost-BlackItalic.ttf"; path = "../app/theme/fonts/Jost-BlackItalic.ttf"; sourceTree = "<group>"; fileEncoding = undefined; lastKnownFileType = unknown; explicitFileType = undefined; includeInIndex = 0; };
		FB70B08EB8674DC193BF2849 /* Jost-Bold.ttf */ = {isa = PBXFileReference; name = "Jost-Bold.ttf"; path = "../app/theme/fonts/Jost-Bold.ttf"; sourceTree = "<group>"; fileEncoding = undefined; lastKnownFileType = unknown; explicitFileType = undefined; includeInIndex = 0; };
		7974F20E07A34B2D8F78BEE8 /* Jost-BoldItalic.ttf */ = {isa = PBXFileReference; name = "Jost-BoldItalic.ttf"; path = "../app/theme/fonts/Jost-BoldItalic.ttf"; sourceTree = "<group>"; fileEncoding = undefined; lastKnownFileType = unknown; explicitFileType = undefined; includeInIndex = 0; };
		27CA334EB9A5475281939E1A /* Jost-ExtraBold.ttf */ = {isa = PBXFileReference; name = "Jost-ExtraBold.ttf"; path = "../app/theme/fonts/Jost-ExtraBold.ttf"; sourceTree = "<group>"; fileEncoding = undefined; lastKnownFileType = unknown; explicitFileType = undefined; includeInIndex = 0; };
		5EE2FE7FAB46471BA2BF168C /* Jost-ExtraBoldItalic.ttf */ = {isa = PBXFileReference; name = "Jost-ExtraBoldItalic.ttf"; path = "../app/theme/fonts/Jost-ExtraBoldItalic.ttf"; sourceTree = "<group>"; fileEncoding = undefined; lastKnownFileType = unknown; explicitFileType = undefined; includeInIndex = 0; };
		CCFEE5329785414EAFAA2BAF /* Jost-ExtraLight.ttf */ = {isa = PBXFileReference; name = "Jost-ExtraLight.ttf"; path = "../app/theme/fonts/Jost-ExtraLight.ttf"; sourceTree = "<group>"; fileEncoding = undefined; lastKnownFileType = unknown; explicitFileType = undefined; includeInIndex = 0; };
		553583E3CDCB4257B684B453 /* Jost-ExtraLightItalic.ttf */ = {isa = PBXFileReference; name = "Jost-ExtraLightItalic.ttf"; path = "../app/theme/fonts/Jost-ExtraLightItalic.ttf"; sourceTree = "<group>"; fileEncoding = undefined; lastKnownFileType = unknown; explicitFileType = undefined; includeInIndex = 0; };
		30C7DEC80E844FA7B014B7D9 /* Jost-Italic-VariableFont_wght.ttf */ = {isa = PBXFileReference; name = "Jost-Italic-VariableFont_wght.ttf"; path = "../app/theme/fonts/Jost-Italic-VariableFont_wght.ttf"; sourceTree = "<group>"; fileEncoding = undefined; lastKnownFileType = unknown; explicitFileType = undefined; includeInIndex = 0; };
		0AF53AE5C3734F9FBEDD8FAB /* Jost-Italic.ttf */ = {isa = PBXFileReference; name = "Jost-Italic.ttf"; path = "../app/theme/fonts/Jost-Italic.ttf"; sourceTree = "<group>"; fileEncoding = undefined; lastKnownFileType = unknown; explicitFileType = undefined; includeInIndex = 0; };
		B6D160D3A5FA4BAA9B4F3470 /* Jost-Light.ttf */ = {isa = PBXFileReference; name = "Jost-Light.ttf"; path = "../app/theme/fonts/Jost-Light.ttf"; sourceTree = "<group>"; fileEncoding = undefined; lastKnownFileType = unknown; explicitFileType = undefined; includeInIndex = 0; };
		0D71BD154F654ADCAB619A31 /* Jost-LightItalic.ttf */ = {isa = PBXFileReference; name = "Jost-LightItalic.ttf"; path = "../app/theme/fonts/Jost-LightItalic.ttf"; sourceTree = "<group>"; fileEncoding = undefined; lastKnownFileType = unknown; explicitFileType = undefined; includeInIndex = 0; };
		1EE09B21B8254C3CB7BD028F /* Jost-Medium.ttf */ = {isa = PBXFileReference; name = "Jost-Medium.ttf"; path = "../app/theme/fonts/Jost-Medium.ttf"; sourceTree = "<group>"; fileEncoding = undefined; lastKnownFileType = unknown; explicitFileType = undefined; includeInIndex = 0; };
		A64A8850F3464CCC8C44ECDA /* Jost-MediumItalic.ttf */ = {isa = PBXFileReference; name = "Jost-MediumItalic.ttf"; path = "../app/theme/fonts/Jost-MediumItalic.ttf"; sourceTree = "<group>"; fileEncoding = undefined; lastKnownFileType = unknown; explicitFileType = undefined; includeInIndex = 0; };
		0574A87CE4634160A7D92F20 /* Jost-Regular.ttf */ = {isa = PBXFileReference; name = "Jost-Regular.ttf"; path = "../app/theme/fonts/Jost-Regular.ttf"; sourceTree = "<group>"; fileEncoding = undefined; lastKnownFileType = unknown; explicitFileType = undefined; includeInIndex = 0; };
		5A1818DE6DC64E04AFADE405 /* Jost-SemiBold.ttf */ = {isa = PBXFileReference; name = "Jost-SemiBold.ttf"; path = "../app/theme/fonts/Jost-SemiBold.ttf"; sourceTree = "<group>"; fileEncoding = undefined; lastKnownFileType = unknown; explicitFileType = undefined; includeInIndex = 0; };
		DD38B32E04D64E589281E76C /* Jost-SemiBoldItalic.ttf */ = {isa = PBXFileReference; name = "Jost-SemiBoldItalic.ttf"; path = "../app/theme/fonts/Jost-SemiBoldItalic.ttf"; sourceTree = "<group>"; fileEncoding = undefined; lastKnownFileType = unknown; explicitFileType = undefined; includeInIndex = 0; };
		81AD957821C14863912BBF28 /* Jost-Thin.ttf */ = {isa = PBXFileReference; name = "Jost-Thin.ttf"; path = "../app/theme/fonts/Jost-Thin.ttf"; sourceTree = "<group>"; fileEncoding = undefined; lastKnownFileType = unknown; explicitFileType = undefined; includeInIndex = 0; };
		A48189F5F4B347829873158B /* Jost-ThinItalic.ttf */ = {isa = PBXFileReference; name = "Jost-ThinItalic.ttf"; path = "../app/theme/fonts/Jost-ThinItalic.ttf"; sourceTree = "<group>"; fileEncoding = undefined; lastKnownFileType = unknown; explicitFileType = undefined; includeInIndex = 0; };
		1E5EAB659EF04BF0B93862E7 /* Jost-VariableFont_wght.ttf */ = {isa = PBXFileReference; name = "Jost-VariableFont_wght.ttf"; path = "../app/theme/fonts/Jost-VariableFont_wght.ttf"; sourceTree = "<group>"; fileEncoding = undefined; lastKnownFileType = unknown; explicitFileType = undefined; includeInIndex = 0; };
/* End PBXFileReference section */

/* Begin PBXFrameworksBuildPhase section */
		00E356EB1AD99517003FC87E /* Frameworks */ = {
			isa = PBXFrameworksBuildPhase;
			buildActionMask = 2147483647;
			files = (
				4778586290ADECAE0B9C0FB9 /* libPods-ignite_green_fieldTests.a in Frameworks */,
			);
			runOnlyForDeploymentPostprocessing = 0;
		};
		13B07F8C1A680F5B00A75B9A /* Frameworks */ = {
			isa = PBXFrameworksBuildPhase;
			buildActionMask = 2147483647;
			files = (
				B0E7C4B467835E6FC3BCEDDF /* libPods-ignite_green_field.a in Frameworks */,
			);
			runOnlyForDeploymentPostprocessing = 0;
		};
/* End PBXFrameworksBuildPhase section */

/* Begin PBXGroup section */
		00E356EF1AD99517003FC87E /* ignite_green_fieldTests */ = {
			isa = PBXGroup;
			children = (
				00E356F21AD99517003FC87E /* ignite_green_fieldTests.m */,
				00E356F01AD99517003FC87E /* Supporting Files */,
			);
			path = ignite_green_fieldTests;
			sourceTree = "<group>";
		};
		00E356F01AD99517003FC87E /* Supporting Files */ = {
			isa = PBXGroup;
			children = (
				00E356F11AD99517003FC87E /* Info.plist */,
			);
			name = "Supporting Files";
			sourceTree = "<group>";
		};
		13B07FAE1A68108700A75B9A /* ignite_green_field */ = {
			isa = PBXGroup;
			children = (
				72C994A02475ACA900FB4AEA /* GoogleService-Info.plist */,
				008F07F21AC5B25A0029DE68 /* main.jsbundle */,
				13B07FAF1A68108700A75B9A /* AppDelegate.h */,
				13B07FB01A68108700A75B9A /* AppDelegate.m */,
				13B07FB51A68108700A75B9A /* Images.xcassets */,
				13B07FB61A68108700A75B9A /* Info.plist */,
				13B07FB11A68108700A75B9A /* LaunchScreen.xib */,
				13B07FB71A68108700A75B9A /* main.m */,
			);
			name = ignite_green_field;
			sourceTree = "<group>";
		};
		2D16E6871FA4F8E400B85C8A /* Frameworks */ = {
			isa = PBXGroup;
			children = (
				ED297162215061F000B7C4FE /* JavaScriptCore.framework */,
				ED2971642150620600B7C4FE /* JavaScriptCore.framework */,
				D16C580D06FB1833FA77EAA5 /* libPods-ignite_green_field.a */,
				826222584A50D7912B42FFCF /* libPods-ignite_green_field-tvOS.a */,
				62EA384B096A4475B71832D2 /* libPods-ignite_green_field-tvOSTests.a */,
				585072D55BECE08A05400415 /* libPods-ignite_green_fieldTests.a */,
			);
			name = Frameworks;
			sourceTree = "<group>";
		};
		832341AE1AAA6A7D00B99B32 /* Libraries */ = {
			isa = PBXGroup;
			children = (
			);
			name = Libraries;
			sourceTree = "<group>";
		};
		83CBB9F61A601CBA00E9B192 = {
			isa = PBXGroup;
			children = (
				13B07FAE1A68108700A75B9A /* ignite_green_field */,
				832341AE1AAA6A7D00B99B32 /* Libraries */,
				00E356EF1AD99517003FC87E /* ignite_green_fieldTests */,
				83CBBA001A601CBA00E9B192 /* Products */,
				2D16E6871FA4F8E400B85C8A /* Frameworks */,
				F0FC7801C592C0A9B6620EE7 /* Pods */,
				BAA2FB7C496F4355AF02E95A /* Resources */,
			);
			indentWidth = 2;
			sourceTree = "<group>";
			tabWidth = 2;
			usesTabs = 0;
		};
		83CBBA001A601CBA00E9B192 /* Products */ = {
			isa = PBXGroup;
			children = (
				13B07F961A680F5B00A75B9A /* ignite_green_field.app */,
				00E356EE1AD99517003FC87E /* ignite_green_fieldTests.xctest */,
			);
			name = Products;
			sourceTree = "<group>";
		};
		BAA2FB7C496F4355AF02E95A /* Resources */ = {
			isa = PBXGroup;
			children = (
				A15C0BA315204C4B85C2E02F /* Montserrat-Black.ttf */,
				07A1658437AE4FB2A04C239B /* Montserrat-BlackItalic.ttf */,
				FFFE0D7CBFE84B9994C3B12F /* Montserrat-Bold.ttf */,
				17C9B4EF23C44668883A0ED6 /* Montserrat-BoldItalic.ttf */,
				8B392C1C77514BC386A92BCF /* Montserrat-ExtraBold.ttf */,
				E4B5E49833284B8980967F00 /* Montserrat-ExtraBoldItalic.ttf */,
				C7F60F3FC4D744739DB77946 /* Montserrat-ExtraLight.ttf */,
				1B8D4DC9EAF0445DACAEDE97 /* Montserrat-ExtraLightItalic.ttf */,
				913D160CDA7B470BA65ADED0 /* Montserrat-Italic.ttf */,
				CC55A42E3FDF41AE880A3E97 /* Montserrat-Light.ttf */,
				CA6930EC6CA342299CD4FC85 /* Montserrat-LightItalic.ttf */,
				1F08447B172840FB814CF5D7 /* Montserrat-Medium.ttf */,
				9907987CE2E84D1C9DD0FA54 /* Montserrat-MediumItalic.ttf */,
				9E8CFD4EC2F64A0DBAE9567C /* Montserrat-Regular.ttf */,
				8CFC529B4E294C95BC34B527 /* Montserrat-SemiBold.ttf */,
				355DD87C1FB54055B40CB298 /* Montserrat-SemiBoldItalic.ttf */,
				77A51C397D354719BDCA980B /* Montserrat-Thin.ttf */,
				5143294444724117A3356B5D /* Montserrat-ThinItalic.ttf */,
				94B2653224874208A6043173 /* AntDesign.ttf */,
				4DE57255430D451DA205434F /* Entypo.ttf */,
				C06DAEC4BE84406992F2F35B /* EvilIcons.ttf */,
				A797E1B649A24A858E67A9A1 /* Feather.ttf */,
				CF9B4D9BB3024EC99EAA74A4 /* FontAwesome.ttf */,
				82B51AC4E2F5481094FCAF01 /* FontAwesome5_Brands.ttf */,
				CA31CDC64CED4003B9E44FCA /* FontAwesome5_Regular.ttf */,
				3E8430FDA17246F49B92E938 /* FontAwesome5_Solid.ttf */,
				D5B1DD3AD419402585AAFFAA /* Fontisto.ttf */,
				B9865628D6B84D7EB9333872 /* Foundation.ttf */,
				2787E2F59BAD4CF493CB9BE8 /* Ionicons.ttf */,
				5772756870BF4E429F957B4E /* MaterialCommunityIcons.ttf */,
				B656BB5E4D504F51ACD68B28 /* MaterialIcons.ttf */,
				7159A6FA3BD14BA299D367CA /* Octicons.ttf */,
				62D340ED8ED348AAAAFB3D13 /* SimpleLineIcons.ttf */,
				81458CBAF035413F9272C18E /* Zocial.ttf */,
				B4D5A23876E44D318A611DFE /* asdf.ttf */,
				F427A51C6AFE480992419E3F /* Montserrat-Black2.ttf */,
				190C145C962E4990957EE2A8 /* SPOPT2B.ttf */,
				42ADAEF3122243E6B2FC79F9 /* SPOPT2BI.TTF */,
				2F44D701C99C4C698C255DA0 /* SPOPT2I.TTF */,
				EF801FE8669743EBBDC49451 /* SPOPT2R.TTF */,
				B3A45E1A5E654C749C35604A /* SPOPT2SB.TTF */,
				D6155780A92D43A8819DA060 /* SPOPT2SI.TTF */,
				56341FF4120441D6B8F855E3 /* SPSTMPEL.TTF */,
				0560A0B2F7ED48FEB1D685A2 /* Jost-Black.ttf */,
				F1B53A63508A4168B1B670C2 /* Jost-BlackItalic.ttf */,
				FB70B08EB8674DC193BF2849 /* Jost-Bold.ttf */,
				7974F20E07A34B2D8F78BEE8 /* Jost-BoldItalic.ttf */,
				27CA334EB9A5475281939E1A /* Jost-ExtraBold.ttf */,
				5EE2FE7FAB46471BA2BF168C /* Jost-ExtraBoldItalic.ttf */,
				CCFEE5329785414EAFAA2BAF /* Jost-ExtraLight.ttf */,
				553583E3CDCB4257B684B453 /* Jost-ExtraLightItalic.ttf */,
				30C7DEC80E844FA7B014B7D9 /* Jost-Italic-VariableFont_wght.ttf */,
				0AF53AE5C3734F9FBEDD8FAB /* Jost-Italic.ttf */,
				B6D160D3A5FA4BAA9B4F3470 /* Jost-Light.ttf */,
				0D71BD154F654ADCAB619A31 /* Jost-LightItalic.ttf */,
				1EE09B21B8254C3CB7BD028F /* Jost-Medium.ttf */,
				A64A8850F3464CCC8C44ECDA /* Jost-MediumItalic.ttf */,
				0574A87CE4634160A7D92F20 /* Jost-Regular.ttf */,
				5A1818DE6DC64E04AFADE405 /* Jost-SemiBold.ttf */,
				DD38B32E04D64E589281E76C /* Jost-SemiBoldItalic.ttf */,
				81AD957821C14863912BBF28 /* Jost-Thin.ttf */,
				A48189F5F4B347829873158B /* Jost-ThinItalic.ttf */,
				1E5EAB659EF04BF0B93862E7 /* Jost-VariableFont_wght.ttf */,
			);
			name = Resources;
			sourceTree = "<group>";
		};
		F0FC7801C592C0A9B6620EE7 /* Pods */ = {
			isa = PBXGroup;
			children = (
				4CA7186D6CD32D833D9435F1 /* Pods-ignite_green_field.debug.xcconfig */,
				3ADD6D350DD74BD7421BEAEE /* Pods-ignite_green_field.release.xcconfig */,
				2898880B184835FB73E9FD9C /* Pods-ignite_green_field-tvOS.debug.xcconfig */,
				89CF373C62D8F547C8DA2D58 /* Pods-ignite_green_field-tvOS.release.xcconfig */,
				F1D100B3E3CE8EBBA8512695 /* Pods-ignite_green_field-tvOSTests.debug.xcconfig */,
				4272C57C4FE278A42D8B0B19 /* Pods-ignite_green_field-tvOSTests.release.xcconfig */,
				B6708CF05E1A0D2624375421 /* Pods-ignite_green_fieldTests.debug.xcconfig */,
				E7227367DEC4E23E61303FD0 /* Pods-ignite_green_fieldTests.release.xcconfig */,
			);
			path = Pods;
			sourceTree = "<group>";
		};
/* End PBXGroup section */

/* Begin PBXNativeTarget section */
		00E356ED1AD99517003FC87E /* ignite_green_fieldTests */ = {
			isa = PBXNativeTarget;
			buildConfigurationList = 00E357021AD99517003FC87E /* Build configuration list for PBXNativeTarget "ignite_green_fieldTests" */;
			buildPhases = (
				5C56DC560BA337CC94C2467D /* [CP] Check Pods Manifest.lock */,
				00E356EA1AD99517003FC87E /* Sources */,
				00E356EB1AD99517003FC87E /* Frameworks */,
				00E356EC1AD99517003FC87E /* Resources */,
			);
			buildRules = (
			);
			dependencies = (
				00E356F51AD99517003FC87E /* PBXTargetDependency */,
			);
			name = ignite_green_fieldTests;
			productName = ignite_green_fieldTests;
			productReference = 00E356EE1AD99517003FC87E /* ignite_green_fieldTests.xctest */;
			productType = "com.apple.product-type.bundle.unit-test";
		};
		13B07F861A680F5B00A75B9A /* ignite_green_field */ = {
			isa = PBXNativeTarget;
			buildConfigurationList = 13B07F931A680F5B00A75B9A /* Build configuration list for PBXNativeTarget "ignite_green_field" */;
			buildPhases = (
				17400CAC287AD215835D95DB /* [CP] Check Pods Manifest.lock */,
				FD10A7F022414F080027D42C /* Start Packager */,
				13B07F871A680F5B00A75B9A /* Sources */,
				13B07F8C1A680F5B00A75B9A /* Frameworks */,
				13B07F8E1A680F5B00A75B9A /* Resources */,
				00DD1BFF1BD5951E006B06BC /* Bundle React Native code and images */,
				4DBB877A8989C17A8E150FEA /* [CP-User] [RNFB] Core Configuration */,
				77B834FFC033E78E2556A5AB /* [CP] Copy Pods Resources */,
				E4EA3589FCEFE7860D456430 /* [CP-User] [RNFB] Crashlytics Configuration */,
			);
			buildRules = (
			);
			dependencies = (
			);
			name = ignite_green_field;
			productName = ignite_green_field;
			productReference = 13B07F961A680F5B00A75B9A /* ignite_green_field.app */;
			productType = "com.apple.product-type.application";
		};
/* End PBXNativeTarget section */

/* Begin PBXProject section */
		83CBB9F71A601CBA00E9B192 /* Project object */ = {
			isa = PBXProject;
			attributes = {
				LastUpgradeCheck = 940;
				ORGANIZATIONNAME = Facebook;
				TargetAttributes = {
					00E356ED1AD99517003FC87E = {
						CreatedOnToolsVersion = 6.2;
						DevelopmentTeam = 8JL7JM7V2Y;
						TestTargetID = 13B07F861A680F5B00A75B9A;
					};
					13B07F861A680F5B00A75B9A = {
						DevelopmentTeam = 8JL7JM7V2Y;
						ProvisioningStyle = Automatic;
					};
				};
			};
			buildConfigurationList = 83CBB9FA1A601CBA00E9B192 /* Build configuration list for PBXProject "ignite_green_field" */;
			compatibilityVersion = "Xcode 3.2";
			developmentRegion = English;
			hasScannedForEncodings = 0;
			knownRegions = (
				English,
				en,
				Base,
			);
			mainGroup = 83CBB9F61A601CBA00E9B192;
			productRefGroup = 83CBBA001A601CBA00E9B192 /* Products */;
			projectDirPath = "";
			projectRoot = "";
			targets = (
				13B07F861A680F5B00A75B9A /* ignite_green_field */,
				00E356ED1AD99517003FC87E /* ignite_green_fieldTests */,
			);
		};
/* End PBXProject section */

/* Begin PBXResourcesBuildPhase section */
		00E356EC1AD99517003FC87E /* Resources */ = {
			isa = PBXResourcesBuildPhase;
			buildActionMask = 2147483647;
			files = (
				72C6ACDD247FAE210025C2C9 /* GoogleService-Info.plist in Resources */,
			);
			runOnlyForDeploymentPostprocessing = 0;
		};
		13B07F8E1A680F5B00A75B9A /* Resources */ = {
			isa = PBXResourcesBuildPhase;
			buildActionMask = 2147483647;
			files = (
				13B07FBF1A68108700A75B9A /* Images.xcassets in Resources */,
				13B07FBD1A68108700A75B9A /* LaunchScreen.xib in Resources */,
				3CEB09D07A6E47849E496A68 /* Montserrat-Black.ttf in Resources */,
				54EEEA997ECD441C962F939D /* Montserrat-BlackItalic.ttf in Resources */,
				6827C39B3F3745A0A5F7C188 /* Montserrat-Bold.ttf in Resources */,
				482C856A8BE0490AB36E7F60 /* Montserrat-BoldItalic.ttf in Resources */,
				31A381E68C1F40DCBB0E7BAB /* Montserrat-ExtraBold.ttf in Resources */,
				37957F5593924025A9E35B8A /* Montserrat-ExtraBoldItalic.ttf in Resources */,
				27AFBC5E5A974E0994990FED /* Montserrat-ExtraLight.ttf in Resources */,
				3CD1ADC54B20471DA9C693AA /* Montserrat-ExtraLightItalic.ttf in Resources */,
				E6676B9EC3CB484BBEFF8D32 /* Montserrat-Italic.ttf in Resources */,
				68129B172D964D148792277F /* Montserrat-Light.ttf in Resources */,
				7030B4BBEEE844199CBCBF3A /* Montserrat-LightItalic.ttf in Resources */,
				734E567790B44660AF59CA1A /* Montserrat-Medium.ttf in Resources */,
				7A7FA4A3AF224940A6DF97CA /* Montserrat-MediumItalic.ttf in Resources */,
				801F6307C83C48C5A0E1EDCA /* Montserrat-Regular.ttf in Resources */,
				AADB8A410FA74F0CA4F2DE5A /* Montserrat-SemiBold.ttf in Resources */,
				B61427CA2CD742E8A407A1AA /* Montserrat-SemiBoldItalic.ttf in Resources */,
				E882E707B6BB45A6BC23D909 /* Montserrat-Thin.ttf in Resources */,
				9A15AFCFED3748E88FDB9748 /* Montserrat-ThinItalic.ttf in Resources */,
				72C994A12475ACA900FB4AEA /* GoogleService-Info.plist in Resources */,
				1DBDE1952F784E378BD0D466 /* AntDesign.ttf in Resources */,
				F4A7703967FA4B6484AD1F71 /* Entypo.ttf in Resources */,
				21EF6CE0EDBE4CC7BDCB39E6 /* EvilIcons.ttf in Resources */,
				38F77D64F773465CAA628431 /* Feather.ttf in Resources */,
				E21C7567B2324F249BB105A6 /* FontAwesome.ttf in Resources */,
				9DCF776FA97846399C63C465 /* FontAwesome5_Brands.ttf in Resources */,
				3AB8D3DC150A4D358C07DB61 /* FontAwesome5_Regular.ttf in Resources */,
				856B6400E4DB4EB0B85E768A /* FontAwesome5_Solid.ttf in Resources */,
				346D2ACE5BAB4471A420E565 /* Fontisto.ttf in Resources */,
				A329078386444D608D99E164 /* Foundation.ttf in Resources */,
				C4B0A582EC794B6287F2E8DB /* Ionicons.ttf in Resources */,
				36CEDBBBE6BD4CD9960A92CF /* MaterialCommunityIcons.ttf in Resources */,
				41FB792F4DE947069AC9F4D8 /* MaterialIcons.ttf in Resources */,
				EFD47085798B43F38F499539 /* Octicons.ttf in Resources */,
				C7B3EDF9E5A24D0991F834C1 /* SimpleLineIcons.ttf in Resources */,
				F177781CE0F84B6F8CF94B6B /* Zocial.ttf in Resources */,
				388605BBF5EC4A5AAD735818 /* asdf.ttf in Resources */,
				FA79BC1F36D241F3817DB153 /* Montserrat-Black2.ttf in Resources */,
				B68D8AADC8CB479F838E60BC /* SPOPT2B.ttf in Resources */,
				ECCD80852B694434ADD88442 /* SPOPT2BI.TTF in Resources */,
				D631ADA82E83454BA7BCF41E /* SPOPT2I.TTF in Resources */,
				8848014470704A3DA65FAF2E /* SPOPT2R.TTF in Resources */,
				DC072CCF85A44D07AAC37281 /* SPOPT2SB.TTF in Resources */,
				A7F8A6D67E514F12A38C8B12 /* SPOPT2SI.TTF in Resources */,
				2E2313F9AE1A451A9D2D030F /* SPSTMPEL.TTF in Resources */,
				D4A049C0871E4F91B6435142 /* Jost-Black.ttf in Resources */,
				83CD366753D54283B250AA48 /* Jost-BlackItalic.ttf in Resources */,
				C152103FE2144DD69127823A /* Jost-Bold.ttf in Resources */,
				D559D1514E9F4AA99B5D4789 /* Jost-BoldItalic.ttf in Resources */,
				EA1E9DEBE7EF47A0B0B1C703 /* Jost-ExtraBold.ttf in Resources */,
				6669C3184402405681611EF1 /* Jost-ExtraBoldItalic.ttf in Resources */,
				4AD1866A84B240E793229ED1 /* Jost-ExtraLight.ttf in Resources */,
				F414825DCBAD4FB880FA121B /* Jost-ExtraLightItalic.ttf in Resources */,
				209F48C756664548926B51E5 /* Jost-Italic-VariableFont_wght.ttf in Resources */,
				5CB03F3D32334E5B823636B1 /* Jost-Italic.ttf in Resources */,
				16B39BC365DF4D309BF0A3BC /* Jost-Light.ttf in Resources */,
				AA4F5592653D4F389F22A76E /* Jost-LightItalic.ttf in Resources */,
				73FB0B27C8D64AFFBFC40C3E /* Jost-Medium.ttf in Resources */,
				80CD07375F8741EF84C8AEB3 /* Jost-MediumItalic.ttf in Resources */,
				97D2D00F778044A89065790C /* Jost-Regular.ttf in Resources */,
				BA3D09ED363D441B9243FB04 /* Jost-SemiBold.ttf in Resources */,
				57B1C7BCA10F45BE914BB864 /* Jost-SemiBoldItalic.ttf in Resources */,
				1D597AF9D61F4F67B8192206 /* Jost-Thin.ttf in Resources */,
				7B7E70CE59514ABCA9D9869C /* Jost-ThinItalic.ttf in Resources */,
				DBF2FD44244E45AD9CB627A4 /* Jost-VariableFont_wght.ttf in Resources */,
			);
			runOnlyForDeploymentPostprocessing = 0;
		};
/* End PBXResourcesBuildPhase section */

/* Begin PBXShellScriptBuildPhase section */
		00DD1BFF1BD5951E006B06BC /* Bundle React Native code and images */ = {
			isa = PBXShellScriptBuildPhase;
			buildActionMask = 2147483647;
			files = (
			);
			inputPaths = (
			);
			name = "Bundle React Native code and images";
			outputPaths = (
			);
			runOnlyForDeploymentPostprocessing = 0;
			shellPath = /bin/sh;
			shellScript = "export NODE_BINARY=node\n../node_modules/react-native/scripts/react-native-xcode.sh";
		};
		17400CAC287AD215835D95DB /* [CP] Check Pods Manifest.lock */ = {
			isa = PBXShellScriptBuildPhase;
			buildActionMask = 2147483647;
			files = (
			);
			inputFileListPaths = (
			);
			inputPaths = (
				"${PODS_PODFILE_DIR_PATH}/Podfile.lock",
				"${PODS_ROOT}/Manifest.lock",
			);
			name = "[CP] Check Pods Manifest.lock";
			outputFileListPaths = (
			);
			outputPaths = (
				"$(DERIVED_FILE_DIR)/Pods-ignite_green_field-checkManifestLockResult.txt",
			);
			runOnlyForDeploymentPostprocessing = 0;
			shellPath = /bin/sh;
			shellScript = "diff \"${PODS_PODFILE_DIR_PATH}/Podfile.lock\" \"${PODS_ROOT}/Manifest.lock\" > /dev/null\nif [ $? != 0 ] ; then\n    # print error to STDERR\n    echo \"error: The sandbox is not in sync with the Podfile.lock. Run 'pod install' or update your CocoaPods installation.\" >&2\n    exit 1\nfi\n# This output is used by Xcode 'outputs' to avoid re-running this script phase.\necho \"SUCCESS\" > \"${SCRIPT_OUTPUT_FILE_0}\"\n";
			showEnvVarsInLog = 0;
		};
		4DBB877A8989C17A8E150FEA /* [CP-User] [RNFB] Core Configuration */ = {
			isa = PBXShellScriptBuildPhase;
			buildActionMask = 2147483647;
			files = (
			);
			name = "[CP-User] [RNFB] Core Configuration";
			runOnlyForDeploymentPostprocessing = 0;
			shellPath = /bin/sh;
			shellScript = "#!/usr/bin/env bash\n#\n# Copyright (c) 2016-present Invertase Limited & Contributors\n#\n# Licensed under the Apache License, Version 2.0 (the \"License\");\n# you may not use this library except in compliance with the License.\n# You may obtain a copy of the License at\n#\n#   http://www.apache.org/licenses/LICENSE-2.0\n#\n# Unless required by applicable law or agreed to in writing, software\n# distributed under the License is distributed on an \"AS IS\" BASIS,\n# WITHOUT WARRANTIES OR CONDITIONS OF ANY KIND, either express or implied.\n# See the License for the specific language governing permissions and\n# limitations under the License.\n#\nset -e\n\n_MAX_LOOKUPS=2;\n_SEARCH_RESULT=''\n_RN_ROOT_EXISTS=''\n_CURRENT_LOOKUPS=1\n_JSON_ROOT=\"'react-native'\"\n_JSON_FILE_NAME='firebase.json'\n_JSON_OUTPUT_BASE64='e30=' # { }\n_CURRENT_SEARCH_DIR=${PROJECT_DIR}\n_PLIST_BUDDY=/usr/libexec/PlistBuddy\n_TARGET_PLIST=\"${BUILT_PRODUCTS_DIR}/${INFOPLIST_PATH}\"\n_DSYM_PLIST=\"${DWARF_DSYM_FOLDER_PATH}/${DWARF_DSYM_FILE_NAME}/Contents/Info.plist\"\n\n# plist arrays\n_PLIST_ENTRY_KEYS=()\n_PLIST_ENTRY_TYPES=()\n_PLIST_ENTRY_VALUES=()\n\nfunction setPlistValue {\n  echo \"info:      setting plist entry '$1' of type '$2' in file '$4'\"\n  ${_PLIST_BUDDY} -c \"Add :$1 $2 '$3'\" $4 || echo \"info:      '$1' already exists\"\n}\n\nfunction getFirebaseJsonKeyValue () {\n  if [[ ${_RN_ROOT_EXISTS} ]]; then\n    ruby -e \"require 'rubygems';require 'json'; output=JSON.parse('$1'); puts output[$_JSON_ROOT]['$2']\"\n  else\n    echo \"\"\n  fi;\n}\n\nfunction jsonBoolToYesNo () {\n  if [[ $1 == \"false\" ]]; then\n    echo \"NO\"\n  elif [[ $1 == \"true\" ]]; then\n    echo \"YES\"\n  else echo \"NO\"\n  fi\n}\n\necho \"info: -> RNFB build script started\"\necho \"info: 1) Locating ${_JSON_FILE_NAME} file:\"\n\nif [[ -z ${_CURRENT_SEARCH_DIR} ]]; then\n  _CURRENT_SEARCH_DIR=$(pwd)\nfi;\n\nwhile true; do\n  _CURRENT_SEARCH_DIR=$(dirname \"$_CURRENT_SEARCH_DIR\")\n  if [[ \"$_CURRENT_SEARCH_DIR\" == \"/\" ]] || [[ ${_CURRENT_LOOKUPS} -gt ${_MAX_LOOKUPS} ]]; then break; fi;\n  echo \"info:      ($_CURRENT_LOOKUPS of $_MAX_LOOKUPS) Searching in '$_CURRENT_SEARCH_DIR' for a ${_JSON_FILE_NAME} file.\"\n  _SEARCH_RESULT=$(find \"$_CURRENT_SEARCH_DIR\" -maxdepth 2 -name ${_JSON_FILE_NAME} -print | head -n 1)\n  if [[ ${_SEARCH_RESULT} ]]; then\n    echo \"info:      ${_JSON_FILE_NAME} found at $_SEARCH_RESULT\"\n    break;\n  fi;\n  _CURRENT_LOOKUPS=$((_CURRENT_LOOKUPS+1))\ndone\n\nif [[ ${_SEARCH_RESULT} ]]; then\n  _JSON_OUTPUT_RAW=$(cat \"${_SEARCH_RESULT}\")\n  _RN_ROOT_EXISTS=$(ruby -e \"require 'rubygems';require 'json'; output=JSON.parse('$_JSON_OUTPUT_RAW'); puts output[$_JSON_ROOT]\" || echo '')\n\n  if [[ ${_RN_ROOT_EXISTS} ]]; then\n    _JSON_OUTPUT_BASE64=$(python -c 'import json,sys,base64;print(base64.b64encode(json.dumps(json.loads(open('\"'${_SEARCH_RESULT}'\"').read())['${_JSON_ROOT}'])))' || echo \"e30=\")\n  fi\n\n  _PLIST_ENTRY_KEYS+=(\"firebase_json_raw\")\n  _PLIST_ENTRY_TYPES+=(\"string\")\n  _PLIST_ENTRY_VALUES+=(\"$_JSON_OUTPUT_BASE64\")\n\n  # config.messaging_auto_init_enabled\n  _MESSAGING_AUTO_INIT=$(getFirebaseJsonKeyValue \"$_JSON_OUTPUT_RAW\" \"messaging_auto_init_enabled\")\n  if [[ $_MESSAGING_AUTO_INIT ]]; then\n    _PLIST_ENTRY_KEYS+=(\"FirebaseMessagingAutoInitEnabled\")\n    _PLIST_ENTRY_TYPES+=(\"bool\")\n    _PLIST_ENTRY_VALUES+=(\"$(jsonBoolToYesNo \"$_MESSAGING_AUTO_INIT\")\")\n  fi\n\n  # config.crashlytics_disable_auto_disabler - undocumented for now - mainly for debugging, document if becomes usful\n  _CRASHLYTICS_AUTO_DISABLE_ENABLED=$(getFirebaseJsonKeyValue \"$_JSON_OUTPUT_RAW\" \"crashlytics_disable_auto_disabler\")\n  if [[ $_CRASHLYTICS_AUTO_DISABLE_ENABLED == \"true\" ]]; then\n    echo \"Disabled Crashlytics auto disabler.\" # do nothing\n  else\n    _PLIST_ENTRY_KEYS+=(\"firebase_crashlytics_collection_enabled\")\n    _PLIST_ENTRY_TYPES+=(\"bool\")\n    _PLIST_ENTRY_VALUES+=(\"NO\")\n  fi\n\n  # config.admob_delay_app_measurement_init\n  _ADMOB_DELAY_APP_MEASUREMENT=$(getFirebaseJsonKeyValue \"$_JSON_OUTPUT_RAW\" \"admob_delay_app_measurement_init\")\n  if [[ $_ADMOB_DELAY_APP_MEASUREMENT == \"true\" ]]; then\n    _PLIST_ENTRY_KEYS+=(\"GADDelayAppMeasurementInit\")\n    _PLIST_ENTRY_TYPES+=(\"bool\")\n    _PLIST_ENTRY_VALUES+=(\"YES\")\n  fi\n\n  # config.admob_ios_app_id\n  _ADMOB_IOS_APP_ID=$(getFirebaseJsonKeyValue \"$_JSON_OUTPUT_RAW\" \"admob_ios_app_id\")\n  if [[ $_ADMOB_IOS_APP_ID ]]; then\n    _PLIST_ENTRY_KEYS+=(\"GADApplicationIdentifier\")\n    _PLIST_ENTRY_TYPES+=(\"string\")\n    _PLIST_ENTRY_VALUES+=(\"$_ADMOB_IOS_APP_ID\")\n  fi\nelse\n  _PLIST_ENTRY_KEYS+=(\"firebase_json_raw\")\n  _PLIST_ENTRY_TYPES+=(\"string\")\n  _PLIST_ENTRY_VALUES+=(\"$_JSON_OUTPUT_BASE64\")\n  echo \"warning:   A firebase.json file was not found, whilst this file is optional it is recommended to include it to configure firebase services in React Native Firebase.\"\nfi;\n\necho \"info: 2) Injecting Info.plist entries: \"\n\n# Log out the keys we're adding\nfor i in \"${!_PLIST_ENTRY_KEYS[@]}\"; do\n  echo \"    ->  $i) ${_PLIST_ENTRY_KEYS[$i]}\" \"${_PLIST_ENTRY_TYPES[$i]}\" \"${_PLIST_ENTRY_VALUES[$i]}\"\ndone\n\nfor plist in \"${_TARGET_PLIST}\" \"${_DSYM_PLIST}\" ; do\n  if [[ -f \"${plist}\" ]]; then\n\n    # paths with spaces break the call to setPlistValue. temporarily modify\n    # the shell internal field separator variable (IFS), which normally \n    # includes spaces, to consist only of line breaks\n    oldifs=$IFS\n    IFS=\"\n\"\n\n    for i in \"${!_PLIST_ENTRY_KEYS[@]}\"; do\n      setPlistValue \"${_PLIST_ENTRY_KEYS[$i]}\" \"${_PLIST_ENTRY_TYPES[$i]}\" \"${_PLIST_ENTRY_VALUES[$i]}\" \"${plist}\"\n    done\n\n    # restore the original internal field separator value\n    IFS=$oldifs\n  else\n    echo \"warning:   A Info.plist build output file was not found (${plist})\"\n  fi\ndone\n\necho \"info: <- RNFB build script finished\"\n\n";
		};
		5C56DC560BA337CC94C2467D /* [CP] Check Pods Manifest.lock */ = {
			isa = PBXShellScriptBuildPhase;
			buildActionMask = 2147483647;
			files = (
			);
			inputFileListPaths = (
			);
			inputPaths = (
				"${PODS_PODFILE_DIR_PATH}/Podfile.lock",
				"${PODS_ROOT}/Manifest.lock",
			);
			name = "[CP] Check Pods Manifest.lock";
			outputFileListPaths = (
			);
			outputPaths = (
				"$(DERIVED_FILE_DIR)/Pods-ignite_green_fieldTests-checkManifestLockResult.txt",
			);
			runOnlyForDeploymentPostprocessing = 0;
			shellPath = /bin/sh;
			shellScript = "diff \"${PODS_PODFILE_DIR_PATH}/Podfile.lock\" \"${PODS_ROOT}/Manifest.lock\" > /dev/null\nif [ $? != 0 ] ; then\n    # print error to STDERR\n    echo \"error: The sandbox is not in sync with the Podfile.lock. Run 'pod install' or update your CocoaPods installation.\" >&2\n    exit 1\nfi\n# This output is used by Xcode 'outputs' to avoid re-running this script phase.\necho \"SUCCESS\" > \"${SCRIPT_OUTPUT_FILE_0}\"\n";
			showEnvVarsInLog = 0;
		};
		77B834FFC033E78E2556A5AB /* [CP] Copy Pods Resources */ = {
			isa = PBXShellScriptBuildPhase;
			buildActionMask = 2147483647;
			files = (
			);
			inputPaths = (
				"${PODS_ROOT}/Target Support Files/Pods-ignite_green_field/Pods-ignite_green_field-resources.sh",
				"${PODS_ROOT}/GoogleSignIn/Resources/GoogleSignIn.bundle",
				"${PODS_ROOT}/../../node_modules/react-native-vector-icons/Fonts/AntDesign.ttf",
				"${PODS_ROOT}/../../node_modules/react-native-vector-icons/Fonts/Entypo.ttf",
				"${PODS_ROOT}/../../node_modules/react-native-vector-icons/Fonts/EvilIcons.ttf",
				"${PODS_ROOT}/../../node_modules/react-native-vector-icons/Fonts/Feather.ttf",
				"${PODS_ROOT}/../../node_modules/react-native-vector-icons/Fonts/FontAwesome.ttf",
				"${PODS_ROOT}/../../node_modules/react-native-vector-icons/Fonts/FontAwesome5_Brands.ttf",
				"${PODS_ROOT}/../../node_modules/react-native-vector-icons/Fonts/FontAwesome5_Regular.ttf",
				"${PODS_ROOT}/../../node_modules/react-native-vector-icons/Fonts/FontAwesome5_Solid.ttf",
				"${PODS_ROOT}/../../node_modules/react-native-vector-icons/Fonts/Fontisto.ttf",
				"${PODS_ROOT}/../../node_modules/react-native-vector-icons/Fonts/Foundation.ttf",
				"${PODS_ROOT}/../../node_modules/react-native-vector-icons/Fonts/Ionicons.ttf",
				"${PODS_ROOT}/../../node_modules/react-native-vector-icons/Fonts/MaterialCommunityIcons.ttf",
				"${PODS_ROOT}/../../node_modules/react-native-vector-icons/Fonts/MaterialIcons.ttf",
				"${PODS_ROOT}/../../node_modules/react-native-vector-icons/Fonts/Octicons.ttf",
				"${PODS_ROOT}/../../node_modules/react-native-vector-icons/Fonts/SimpleLineIcons.ttf",
				"${PODS_ROOT}/../../node_modules/react-native-vector-icons/Fonts/Zocial.ttf",
				"${PODS_CONFIGURATION_BUILD_DIR}/gRPC-C++/gRPCCertificates-Cpp.bundle",
			);
			name = "[CP] Copy Pods Resources";
			outputPaths = (
				"${TARGET_BUILD_DIR}/${UNLOCALIZED_RESOURCES_FOLDER_PATH}/GoogleSignIn.bundle",
				"${TARGET_BUILD_DIR}/${UNLOCALIZED_RESOURCES_FOLDER_PATH}/AntDesign.ttf",
				"${TARGET_BUILD_DIR}/${UNLOCALIZED_RESOURCES_FOLDER_PATH}/Entypo.ttf",
				"${TARGET_BUILD_DIR}/${UNLOCALIZED_RESOURCES_FOLDER_PATH}/EvilIcons.ttf",
				"${TARGET_BUILD_DIR}/${UNLOCALIZED_RESOURCES_FOLDER_PATH}/Feather.ttf",
				"${TARGET_BUILD_DIR}/${UNLOCALIZED_RESOURCES_FOLDER_PATH}/FontAwesome.ttf",
				"${TARGET_BUILD_DIR}/${UNLOCALIZED_RESOURCES_FOLDER_PATH}/FontAwesome5_Brands.ttf",
				"${TARGET_BUILD_DIR}/${UNLOCALIZED_RESOURCES_FOLDER_PATH}/FontAwesome5_Regular.ttf",
				"${TARGET_BUILD_DIR}/${UNLOCALIZED_RESOURCES_FOLDER_PATH}/FontAwesome5_Solid.ttf",
				"${TARGET_BUILD_DIR}/${UNLOCALIZED_RESOURCES_FOLDER_PATH}/Fontisto.ttf",
				"${TARGET_BUILD_DIR}/${UNLOCALIZED_RESOURCES_FOLDER_PATH}/Foundation.ttf",
				"${TARGET_BUILD_DIR}/${UNLOCALIZED_RESOURCES_FOLDER_PATH}/Ionicons.ttf",
				"${TARGET_BUILD_DIR}/${UNLOCALIZED_RESOURCES_FOLDER_PATH}/MaterialCommunityIcons.ttf",
				"${TARGET_BUILD_DIR}/${UNLOCALIZED_RESOURCES_FOLDER_PATH}/MaterialIcons.ttf",
				"${TARGET_BUILD_DIR}/${UNLOCALIZED_RESOURCES_FOLDER_PATH}/Octicons.ttf",
				"${TARGET_BUILD_DIR}/${UNLOCALIZED_RESOURCES_FOLDER_PATH}/SimpleLineIcons.ttf",
				"${TARGET_BUILD_DIR}/${UNLOCALIZED_RESOURCES_FOLDER_PATH}/Zocial.ttf",
				"${TARGET_BUILD_DIR}/${UNLOCALIZED_RESOURCES_FOLDER_PATH}/gRPCCertificates-Cpp.bundle",
			);
			runOnlyForDeploymentPostprocessing = 0;
			shellPath = /bin/sh;
			shellScript = "\"${PODS_ROOT}/Target Support Files/Pods-ignite_green_field/Pods-ignite_green_field-resources.sh\"\n";
			showEnvVarsInLog = 0;
		};
		E4EA3589FCEFE7860D456430 /* [CP-User] [RNFB] Crashlytics Configuration */ = {
			isa = PBXShellScriptBuildPhase;
			buildActionMask = 2147483647;
			files = (
			);
			name = "[CP-User] [RNFB] Crashlytics Configuration";
			runOnlyForDeploymentPostprocessing = 0;
			shellPath = /bin/sh;
			shellScript = "#!/usr/bin/env bash\n#\n# Copyright (c) 2016-present Invertase Limited & Contributors\n#\n# Licensed under the Apache License, Version 2.0 (the \"License\");\n# you may not use this library except in compliance with the License.\n# You may obtain a copy of the License at\n#\n#   http://www.apache.org/licenses/LICENSE-2.0\n#\n# Unless required by applicable law or agreed to in writing, software\n# distributed under the License is distributed on an \"AS IS\" BASIS,\n# WITHOUT WARRANTIES OR CONDITIONS OF ANY KIND, either express or implied.\n# See the License for the specific language governing permissions and\n# limitations under the License.\n#\nset -e\n\nif [[ ${PODS_ROOT} ]]; then\n  echo \"info: Exec FirebaseCrashlytics Run from Pods\"\n  \"${PODS_ROOT}/FirebaseCrashlytics/run\"\nelse\n  echo \"info: Exec FirebaseCrashlytics Run from framework\"\n  \"${PROJECT_DIR}/FirebaseCrashlytics.framework/run\"\nfi\n";
		};
		FD10A7F022414F080027D42C /* Start Packager */ = {
			isa = PBXShellScriptBuildPhase;
			buildActionMask = 2147483647;
			files = (
			);
			inputFileListPaths = (
			);
			inputPaths = (
			);
			name = "Start Packager";
			outputFileListPaths = (
			);
			outputPaths = (
			);
			runOnlyForDeploymentPostprocessing = 0;
			shellPath = /bin/sh;
			shellScript = "export RCT_METRO_PORT=\"${RCT_METRO_PORT:=8081}\"\necho \"export RCT_METRO_PORT=${RCT_METRO_PORT}\" > \"${SRCROOT}/../node_modules/react-native/scripts/.packager.env\"\nif [ -z \"${RCT_NO_LAUNCH_PACKAGER+xxx}\" ] ; then\n  if nc -w 5 -z localhost ${RCT_METRO_PORT} ; then\n    if ! curl -s \"http://localhost:${RCT_METRO_PORT}/status\" | grep -q \"packager-status:running\" ; then\n      echo \"Port ${RCT_METRO_PORT} already in use, packager is either not running or not running correctly\"\n      exit 2\n    fi\n  else\n    open \"$SRCROOT/../node_modules/react-native/scripts/launchPackager.command\" || echo \"Can't start packager automatically\"\n  fi\nfi\n";
			showEnvVarsInLog = 0;
		};
/* End PBXShellScriptBuildPhase section */

/* Begin PBXSourcesBuildPhase section */
		00E356EA1AD99517003FC87E /* Sources */ = {
			isa = PBXSourcesBuildPhase;
			buildActionMask = 2147483647;
			files = (
				00E356F31AD99517003FC87E /* ignite_green_fieldTests.m in Sources */,
			);
			runOnlyForDeploymentPostprocessing = 0;
		};
		13B07F871A680F5B00A75B9A /* Sources */ = {
			isa = PBXSourcesBuildPhase;
			buildActionMask = 2147483647;
			files = (
				13B07FBC1A68108700A75B9A /* AppDelegate.m in Sources */,
				13B07FC11A68108700A75B9A /* main.m in Sources */,
			);
			runOnlyForDeploymentPostprocessing = 0;
		};
/* End PBXSourcesBuildPhase section */

/* Begin PBXTargetDependency section */
		00E356F51AD99517003FC87E /* PBXTargetDependency */ = {
			isa = PBXTargetDependency;
			target = 13B07F861A680F5B00A75B9A /* ignite_green_field */;
			targetProxy = 00E356F41AD99517003FC87E /* PBXContainerItemProxy */;
		};
/* End PBXTargetDependency section */

/* Begin PBXVariantGroup section */
		13B07FB11A68108700A75B9A /* LaunchScreen.xib */ = {
			isa = PBXVariantGroup;
			children = (
				13B07FB21A68108700A75B9A /* Base */,
			);
			name = LaunchScreen.xib;
			path = ignite_green_field;
			sourceTree = "<group>";
		};
/* End PBXVariantGroup section */

/* Begin XCBuildConfiguration section */
		00E356F61AD99517003FC87E /* Debug */ = {
			isa = XCBuildConfiguration;
			baseConfigurationReference = B6708CF05E1A0D2624375421 /* Pods-ignite_green_fieldTests.debug.xcconfig */;
			buildSettings = {
				BUNDLE_LOADER = "$(TEST_HOST)";
				DEVELOPMENT_TEAM = 8JL7JM7V2Y;
				GCC_PREPROCESSOR_DEFINITIONS = (
					"DEBUG=1",
					"$(inherited)",
				);
				INFOPLIST_FILE = ignite_green_fieldTests/Info.plist;
				IPHONEOS_DEPLOYMENT_TARGET = 9.0;
				LD_RUNPATH_SEARCH_PATHS = "$(inherited) @executable_path/Frameworks @loader_path/Frameworks";
				OTHER_LDFLAGS = (
					"-ObjC",
					"-lc++",
					"$(inherited)",
				);
				PRODUCT_BUNDLE_IDENTIFIER = "org.reactjs.native.example.$(PRODUCT_NAME:rfc1034identifier)";
				PRODUCT_NAME = "$(TARGET_NAME)";
				TEST_HOST = "$(BUILT_PRODUCTS_DIR)/ignite_green_field.app/ignite_green_field";
			};
			name = Debug;
		};
		00E356F71AD99517003FC87E /* Release */ = {
			isa = XCBuildConfiguration;
			baseConfigurationReference = E7227367DEC4E23E61303FD0 /* Pods-ignite_green_fieldTests.release.xcconfig */;
			buildSettings = {
				BUNDLE_LOADER = "$(TEST_HOST)";
				COPY_PHASE_STRIP = NO;
				DEVELOPMENT_TEAM = 8JL7JM7V2Y;
				INFOPLIST_FILE = ignite_green_fieldTests/Info.plist;
				IPHONEOS_DEPLOYMENT_TARGET = 9.0;
				LD_RUNPATH_SEARCH_PATHS = "$(inherited) @executable_path/Frameworks @loader_path/Frameworks";
				OTHER_LDFLAGS = (
					"-ObjC",
					"-lc++",
					"$(inherited)",
				);
				PRODUCT_BUNDLE_IDENTIFIER = "org.reactjs.native.example.$(PRODUCT_NAME:rfc1034identifier)";
				PRODUCT_NAME = "$(TARGET_NAME)";
				TEST_HOST = "$(BUILT_PRODUCTS_DIR)/ignite_green_field.app/ignite_green_field";
			};
			name = Release;
		};
		13B07F941A680F5B00A75B9A /* Debug */ = {
			isa = XCBuildConfiguration;
			baseConfigurationReference = 4CA7186D6CD32D833D9435F1 /* Pods-ignite_green_field.debug.xcconfig */;
			buildSettings = {
				ASSETCATALOG_COMPILER_APPICON_NAME = AppIcon;
				CODE_SIGN_IDENTITY = "Apple Development";
				CODE_SIGN_STYLE = Automatic;
				CURRENT_PROJECT_VERSION = 3;
				DEAD_CODE_STRIPPING = NO;
				DEVELOPMENT_TEAM = 8JL7JM7V2Y;
				INFOPLIST_FILE = ignite_green_field/Info.plist;
				LD_RUNPATH_SEARCH_PATHS = "$(inherited) @executable_path/Frameworks";
				MARKETING_VERSION = 0.1;
				OTHER_LDFLAGS = (
					"$(inherited)",
					"-ObjC",
					"-lc++",
				);
				PRODUCT_BUNDLE_IDENTIFIER = strongbyscience;
				PRODUCT_NAME = ignite_green_field;
				PROVISIONING_PROFILE_SPECIFIER = "";
				VERSIONING_SYSTEM = "apple-generic";
			};
			name = Debug;
		};
		13B07F951A680F5B00A75B9A /* Release */ = {
			isa = XCBuildConfiguration;
			baseConfigurationReference = 3ADD6D350DD74BD7421BEAEE /* Pods-ignite_green_field.release.xcconfig */;
			buildSettings = {
				ASSETCATALOG_COMPILER_APPICON_NAME = AppIcon;
				CODE_SIGN_IDENTITY = "Apple Development";
				CODE_SIGN_STYLE = Automatic;
				CURRENT_PROJECT_VERSION = 3;
				DEVELOPMENT_TEAM = 8JL7JM7V2Y;
				INFOPLIST_FILE = ignite_green_field/Info.plist;
				LD_RUNPATH_SEARCH_PATHS = "$(inherited) @executable_path/Frameworks";
				MARKETING_VERSION = 0.1;
				OTHER_LDFLAGS = (
					"$(inherited)",
					"-ObjC",
					"-lc++",
				);
				PRODUCT_BUNDLE_IDENTIFIER = strongbyscience;
				PRODUCT_NAME = ignite_green_field;
				PROVISIONING_PROFILE_SPECIFIER = "";
				VERSIONING_SYSTEM = "apple-generic";
			};
			name = Release;
		};
		83CBBA201A601CBA00E9B192 /* Debug */ = {
			isa = XCBuildConfiguration;
			buildSettings = {
				ALWAYS_SEARCH_USER_PATHS = NO;
				CLANG_CXX_LANGUAGE_STANDARD = "gnu++0x";
				CLANG_CXX_LIBRARY = "libc++";
				CLANG_ENABLE_MODULES = YES;
				CLANG_ENABLE_OBJC_ARC = YES;
				CLANG_WARN_BLOCK_CAPTURE_AUTORELEASING = YES;
				CLANG_WARN_BOOL_CONVERSION = YES;
				CLANG_WARN_COMMA = YES;
				CLANG_WARN_CONSTANT_CONVERSION = YES;
				CLANG_WARN_DEPRECATED_OBJC_IMPLEMENTATIONS = YES;
				CLANG_WARN_DIRECT_OBJC_ISA_USAGE = YES_ERROR;
				CLANG_WARN_EMPTY_BODY = YES;
				CLANG_WARN_ENUM_CONVERSION = YES;
				CLANG_WARN_INFINITE_RECURSION = YES;
				CLANG_WARN_INT_CONVERSION = YES;
				CLANG_WARN_NON_LITERAL_NULL_CONVERSION = YES;
				CLANG_WARN_OBJC_IMPLICIT_RETAIN_SELF = YES;
				CLANG_WARN_OBJC_LITERAL_CONVERSION = YES;
				CLANG_WARN_OBJC_ROOT_CLASS = YES_ERROR;
				CLANG_WARN_RANGE_LOOP_ANALYSIS = YES;
				CLANG_WARN_STRICT_PROTOTYPES = YES;
				CLANG_WARN_SUSPICIOUS_MOVE = YES;
				CLANG_WARN_UNREACHABLE_CODE = YES;
				CLANG_WARN__DUPLICATE_METHOD_MATCH = YES;
				"CODE_SIGN_IDENTITY[sdk=iphoneos*]" = "iPhone Developer";
				COPY_PHASE_STRIP = NO;
				ENABLE_STRICT_OBJC_MSGSEND = YES;
				ENABLE_TESTABILITY = YES;
				GCC_C_LANGUAGE_STANDARD = gnu99;
				GCC_DYNAMIC_NO_PIC = NO;
				GCC_NO_COMMON_BLOCKS = YES;
				GCC_OPTIMIZATION_LEVEL = 0;
				GCC_PREPROCESSOR_DEFINITIONS = (
					"DEBUG=1",
					"$(inherited)",
				);
				GCC_SYMBOLS_PRIVATE_EXTERN = NO;
				GCC_WARN_64_TO_32_BIT_CONVERSION = YES;
				GCC_WARN_ABOUT_RETURN_TYPE = YES_ERROR;
				GCC_WARN_UNDECLARED_SELECTOR = YES;
				GCC_WARN_UNINITIALIZED_AUTOS = YES_AGGRESSIVE;
				GCC_WARN_UNUSED_FUNCTION = YES;
				GCC_WARN_UNUSED_VARIABLE = YES;
				IPHONEOS_DEPLOYMENT_TARGET = 9.0;
				MTL_ENABLE_DEBUG_INFO = YES;
				ONLY_ACTIVE_ARCH = YES;
				SDKROOT = iphoneos;
			};
			name = Debug;
		};
		83CBBA211A601CBA00E9B192 /* Release */ = {
			isa = XCBuildConfiguration;
			buildSettings = {
				ALWAYS_SEARCH_USER_PATHS = NO;
				CLANG_CXX_LANGUAGE_STANDARD = "gnu++0x";
				CLANG_CXX_LIBRARY = "libc++";
				CLANG_ENABLE_MODULES = YES;
				CLANG_ENABLE_OBJC_ARC = YES;
				CLANG_WARN_BLOCK_CAPTURE_AUTORELEASING = YES;
				CLANG_WARN_BOOL_CONVERSION = YES;
				CLANG_WARN_COMMA = YES;
				CLANG_WARN_CONSTANT_CONVERSION = YES;
				CLANG_WARN_DEPRECATED_OBJC_IMPLEMENTATIONS = YES;
				CLANG_WARN_DIRECT_OBJC_ISA_USAGE = YES_ERROR;
				CLANG_WARN_EMPTY_BODY = YES;
				CLANG_WARN_ENUM_CONVERSION = YES;
				CLANG_WARN_INFINITE_RECURSION = YES;
				CLANG_WARN_INT_CONVERSION = YES;
				CLANG_WARN_NON_LITERAL_NULL_CONVERSION = YES;
				CLANG_WARN_OBJC_IMPLICIT_RETAIN_SELF = YES;
				CLANG_WARN_OBJC_LITERAL_CONVERSION = YES;
				CLANG_WARN_OBJC_ROOT_CLASS = YES_ERROR;
				CLANG_WARN_RANGE_LOOP_ANALYSIS = YES;
				CLANG_WARN_STRICT_PROTOTYPES = YES;
				CLANG_WARN_SUSPICIOUS_MOVE = YES;
				CLANG_WARN_UNREACHABLE_CODE = YES;
				CLANG_WARN__DUPLICATE_METHOD_MATCH = YES;
				"CODE_SIGN_IDENTITY[sdk=iphoneos*]" = "iPhone Developer";
				COPY_PHASE_STRIP = YES;
				ENABLE_NS_ASSERTIONS = NO;
				ENABLE_STRICT_OBJC_MSGSEND = YES;
				GCC_C_LANGUAGE_STANDARD = gnu99;
				GCC_NO_COMMON_BLOCKS = YES;
				GCC_WARN_64_TO_32_BIT_CONVERSION = YES;
				GCC_WARN_ABOUT_RETURN_TYPE = YES_ERROR;
				GCC_WARN_UNDECLARED_SELECTOR = YES;
				GCC_WARN_UNINITIALIZED_AUTOS = YES_AGGRESSIVE;
				GCC_WARN_UNUSED_FUNCTION = YES;
				GCC_WARN_UNUSED_VARIABLE = YES;
				IPHONEOS_DEPLOYMENT_TARGET = 9.0;
				MTL_ENABLE_DEBUG_INFO = NO;
				SDKROOT = iphoneos;
				VALIDATE_PRODUCT = YES;
			};
			name = Release;
		};
/* End XCBuildConfiguration section */

/* Begin XCConfigurationList section */
		00E357021AD99517003FC87E /* Build configuration list for PBXNativeTarget "ignite_green_fieldTests" */ = {
			isa = XCConfigurationList;
			buildConfigurations = (
				00E356F61AD99517003FC87E /* Debug */,
				00E356F71AD99517003FC87E /* Release */,
			);
			defaultConfigurationIsVisible = 0;
			defaultConfigurationName = Release;
		};
		13B07F931A680F5B00A75B9A /* Build configuration list for PBXNativeTarget "ignite_green_field" */ = {
			isa = XCConfigurationList;
			buildConfigurations = (
				13B07F941A680F5B00A75B9A /* Debug */,
				13B07F951A680F5B00A75B9A /* Release */,
			);
			defaultConfigurationIsVisible = 0;
			defaultConfigurationName = Release;
		};
		83CBB9FA1A601CBA00E9B192 /* Build configuration list for PBXProject "ignite_green_field" */ = {
			isa = XCConfigurationList;
			buildConfigurations = (
				83CBBA201A601CBA00E9B192 /* Debug */,
				83CBBA211A601CBA00E9B192 /* Release */,
			);
			defaultConfigurationIsVisible = 0;
			defaultConfigurationName = Release;
		};
/* End XCConfigurationList section */
	};
	rootObject = 83CBB9F71A601CBA00E9B192 /* Project object */;
}
